{
  "object": {
    "pins": [
      {
        "package": "CodeScanner",
        "repositoryURL": "https://github.com/twostraws/CodeScanner",
        "state": {
          "branch": null,
          "revision": "59d81f9a587679e8d9cdc9f56ba6c38ab6de743d",
          "version": "1.0.0"
        }
      }
    ]
  },
  "version": 1
}
