// !$*UTF8*$!
{
	archiveVersion = 1;
	classes = {
	};
	objectVersion = 50;
	objects = {

/* Begin PBXBuildFile section */
		FA65C6CB2384ED7F00CB1FAB /* AppDelegate.swift in Sources */ = {isa = PBXBuildFile; fileRef = FA65C6CA2384ED7F00CB1FAB /* AppDelegate.swift */; };
		FA65C6CD2384ED7F00CB1FAB /* SceneDelegate.swift in Sources */ = {isa = PBXBuildFile; fileRef = FA65C6CC2384ED7F00CB1FAB /* SceneDelegate.swift */; };
		FA65C6D02384ED7F00CB1FAB /* CoreDataProject.xcdatamodeld in Sources */ = {isa = PBXBuildFile; fileRef = FA65C6CE2384ED7F00CB1FAB /* CoreDataProject.xcdatamodeld */; };
		FA65C6D22384ED7F00CB1FAB /* ContentView.swift in Sources */ = {isa = PBXBuildFile; fileRef = FA65C6D12384ED7F00CB1FAB /* ContentView.swift */; };
		FA65C6D42384ED8000CB1FAB /* Assets.xcassets in Resources */ = {isa = PBXBuildFile; fileRef = FA65C6D32384ED8000CB1FAB /* Assets.xcassets */; };
		FA65C6D72384ED8000CB1FAB /* Preview Assets.xcassets in Resources */ = {isa = PBXBuildFile; fileRef = FA65C6D62384ED8000CB1FAB /* Preview Assets.xcassets */; };
		FA65C6DA2384ED8000CB1FAB /* LaunchScreen.storyboard in Resources */ = {isa = PBXBuildFile; fileRef = FA65C6D82384ED8000CB1FAB /* LaunchScreen.storyboard */; };
		FA65C6E72384F5A600CB1FAB /* Movie+CoreDataClass.swift in Sources */ = {isa = PBXBuildFile; fileRef = FA65C6E52384F5A600CB1FAB /* Movie+CoreDataClass.swift */; };
		FA65C6E82384F5A600CB1FAB /* Movie+CoreDataProperties.swift in Sources */ = {isa = PBXBuildFile; fileRef = FA65C6E62384F5A600CB1FAB /* Movie+CoreDataProperties.swift */; };
		FA747BD62386640F001F6B72 /* Singer+CoreDataClass.swift in Sources */ = {isa = PBXBuildFile; fileRef = FA747BD42386640F001F6B72 /* Singer+CoreDataClass.swift */; };
		FA747BD72386640F001F6B72 /* Singer+CoreDataProperties.swift in Sources */ = {isa = PBXBuildFile; fileRef = FA747BD52386640F001F6B72 /* Singer+CoreDataProperties.swift */; };
		FA9609272386723B0042A72B /* Candy+CoreDataClass.swift in Sources */ = {isa = PBXBuildFile; fileRef = FA9609232386723B0042A72B /* Candy+CoreDataClass.swift */; };
		FA9609282386723B0042A72B /* Candy+CoreDataProperties.swift in Sources */ = {isa = PBXBuildFile; fileRef = FA9609242386723B0042A72B /* Candy+CoreDataProperties.swift */; };
		FA9609292386723B0042A72B /* Country+CoreDataClass.swift in Sources */ = {isa = PBXBuildFile; fileRef = FA9609252386723B0042A72B /* Country+CoreDataClass.swift */; };
		FA96092A2386723B0042A72B /* Country+CoreDataProperties.swift in Sources */ = {isa = PBXBuildFile; fileRef = FA9609262386723B0042A72B /* Country+CoreDataProperties.swift */; };
/* End PBXBuildFile section */

/* Begin PBXFileReference section */
		FA65C6C72384ED7F00CB1FAB /* CoreDataProject.app */ = {isa = PBXFileReference; explicitFileType = wrapper.application; includeInIndex = 0; path = CoreDataProject.app; sourceTree = BUILT_PRODUCTS_DIR; };
		FA65C6CA2384ED7F00CB1FAB /* AppDelegate.swift */ = {isa = PBXFileReference; lastKnownFileType = sourcecode.swift; path = AppDelegate.swift; sourceTree = "<group>"; };
		FA65C6CC2384ED7F00CB1FAB /* SceneDelegate.swift */ = {isa = PBXFileReference; lastKnownFileType = sourcecode.swift; path = SceneDelegate.swift; sourceTree = "<group>"; };
		FA65C6CF2384ED7F00CB1FAB /* CoreDataProject.xcdatamodel */ = {isa = PBXFileReference; lastKnownFileType = wrapper.xcdatamodel; path = CoreDataProject.xcdatamodel; sourceTree = "<group>"; };
		FA65C6D12384ED7F00CB1FAB /* ContentView.swift */ = {isa = PBXFileReference; lastKnownFileType = sourcecode.swift; path = ContentView.swift; sourceTree = "<group>"; };
		FA65C6D32384ED8000CB1FAB /* Assets.xcassets */ = {isa = PBXFileReference; lastKnownFileType = folder.assetcatalog; path = Assets.xcassets; sourceTree = "<group>"; };
		FA65C6D62384ED8000CB1FAB /* Preview Assets.xcassets */ = {isa = PBXFileReference; lastKnownFileType = folder.assetcatalog; path = "Preview Assets.xcassets"; sourceTree = "<group>"; };
		FA65C6D92384ED8000CB1FAB /* Base */ = {isa = PBXFileReference; lastKnownFileType = file.storyboard; name = Base; path = Base.lproj/LaunchScreen.storyboard; sourceTree = "<group>"; };
		FA65C6DB2384ED8000CB1FAB /* Info.plist */ = {isa = PBXFileReference; lastKnownFileType = text.plist.xml; path = Info.plist; sourceTree = "<group>"; };
		FA65C6E52384F5A600CB1FAB /* Movie+CoreDataClass.swift */ = {isa = PBXFileReference; lastKnownFileType = sourcecode.swift; path = "Movie+CoreDataClass.swift"; sourceTree = "<group>"; };
		FA65C6E62384F5A600CB1FAB /* Movie+CoreDataProperties.swift */ = {isa = PBXFileReference; lastKnownFileType = sourcecode.swift; path = "Movie+CoreDataProperties.swift"; sourceTree = "<group>"; };
		FA747BD42386640F001F6B72 /* Singer+CoreDataClass.swift */ = {isa = PBXFileReference; lastKnownFileType = sourcecode.swift; path = "Singer+CoreDataClass.swift"; sourceTree = "<group>"; };
		FA747BD52386640F001F6B72 /* Singer+CoreDataProperties.swift */ = {isa = PBXFileReference; lastKnownFileType = sourcecode.swift; path = "Singer+CoreDataProperties.swift"; sourceTree = "<group>"; };
		FA9609232386723B0042A72B /* Candy+CoreDataClass.swift */ = {isa = PBXFileReference; lastKnownFileType = sourcecode.swift; path = "Candy+CoreDataClass.swift"; sourceTree = "<group>"; };
		FA9609242386723B0042A72B /* Candy+CoreDataProperties.swift */ = {isa = PBXFileReference; lastKnownFileType = sourcecode.swift; path = "Candy+CoreDataProperties.swift"; sourceTree = "<group>"; };
		FA9609252386723B0042A72B /* Country+CoreDataClass.swift */ = {isa = PBXFileReference; lastKnownFileType = sourcecode.swift; path = "Country+CoreDataClass.swift"; sourceTree = "<group>"; };
		FA9609262386723B0042A72B /* Country+CoreDataProperties.swift */ = {isa = PBXFileReference; lastKnownFileType = sourcecode.swift; path = "Country+CoreDataProperties.swift"; sourceTree = "<group>"; };
/* End PBXFileReference section */

/* Begin PBXFrameworksBuildPhase section */
		FA65C6C42384ED7F00CB1FAB /* Frameworks */ = {
			isa = PBXFrameworksBuildPhase;
			buildActionMask = 2147483647;
			files = (
			);
			runOnlyForDeploymentPostprocessing = 0;
		};
/* End PBXFrameworksBuildPhase section */

/* Begin PBXGroup section */
		FA65C6BE2384ED7F00CB1FAB = {
			isa = PBXGroup;
			children = (
				FA65C6C92384ED7F00CB1FAB /* CoreDataProject */,
				FA65C6C82384ED7F00CB1FAB /* Products */,
			);
			sourceTree = "<group>";
		};
		FA65C6C82384ED7F00CB1FAB /* Products */ = {
			isa = PBXGroup;
			children = (
				FA65C6C72384ED7F00CB1FAB /* CoreDataProject.app */,
			);
			name = Products;
			sourceTree = "<group>";
		};
		FA65C6C92384ED7F00CB1FAB /* CoreDataProject */ = {
			isa = PBXGroup;
			children = (
				FA9609232386723B0042A72B /* Candy+CoreDataClass.swift */,
				FA9609242386723B0042A72B /* Candy+CoreDataProperties.swift */,
				FA9609252386723B0042A72B /* Country+CoreDataClass.swift */,
				FA9609262386723B0042A72B /* Country+CoreDataProperties.swift */,
				FA747BD42386640F001F6B72 /* Singer+CoreDataClass.swift */,
				FA747BD52386640F001F6B72 /* Singer+CoreDataProperties.swift */,
				FA65C6E52384F5A600CB1FAB /* Movie+CoreDataClass.swift */,
				FA65C6E62384F5A600CB1FAB /* Movie+CoreDataProperties.swift */,
				FA65C6CA2384ED7F00CB1FAB /* AppDelegate.swift */,
				FA65C6CC2384ED7F00CB1FAB /* SceneDelegate.swift */,
				FA65C6D12384ED7F00CB1FAB /* ContentView.swift */,
				FA65C6D32384ED8000CB1FAB /* Assets.xcassets */,
				FA65C6D82384ED8000CB1FAB /* LaunchScreen.storyboard */,
				FA65C6DB2384ED8000CB1FAB /* Info.plist */,
				FA65C6CE2384ED7F00CB1FAB /* CoreDataProject.xcdatamodeld */,
				FA65C6D52384ED8000CB1FAB /* Preview Content */,
			);
			path = CoreDataProject;
			sourceTree = "<group>";
		};
		FA65C6D52384ED8000CB1FAB /* Preview Content */ = {
			isa = PBXGroup;
			children = (
				FA65C6D62384ED8000CB1FAB /* Preview Assets.xcassets */,
			);
			path = "Preview Content";
			sourceTree = "<group>";
		};
/* End PBXGroup section */

/* Begin PBXNativeTarget section */
		FA65C6C62384ED7F00CB1FAB /* CoreDataProject */ = {
			isa = PBXNativeTarget;
			buildConfigurationList = FA65C6DE2384ED8000CB1FAB /* Build configuration list for PBXNativeTarget "CoreDataProject" */;
			buildPhases = (
				FA65C6C32384ED7F00CB1FAB /* Sources */,
				FA65C6C42384ED7F00CB1FAB /* Frameworks */,
				FA65C6C52384ED7F00CB1FAB /* Resources */,
			);
			buildRules = (
			);
			dependencies = (
			);
			name = CoreDataProject;
			productName = CoreDataProject;
			productReference = FA65C6C72384ED7F00CB1FAB /* CoreDataProject.app */;
			productType = "com.apple.product-type.application";
		};
/* End PBXNativeTarget section */

/* Begin PBXProject section */
		FA65C6BF2384ED7F00CB1FAB /* Project object */ = {
			isa = PBXProject;
			attributes = {
				LastSwiftUpdateCheck = 1120;
				LastUpgradeCheck = 1120;
				ORGANIZATIONNAME = "Ángel Vázquez";
				TargetAttributes = {
					FA65C6C62384ED7F00CB1FAB = {
						CreatedOnToolsVersion = 11.2.1;
					};
				};
			};
			buildConfigurationList = FA65C6C22384ED7F00CB1FAB /* Build configuration list for PBXProject "CoreDataProject" */;
			compatibilityVersion = "Xcode 9.3";
			developmentRegion = en;
			hasScannedForEncodings = 0;
			knownRegions = (
				en,
				Base,
			);
			mainGroup = FA65C6BE2384ED7F00CB1FAB;
			productRefGroup = FA65C6C82384ED7F00CB1FAB /* Products */;
			projectDirPath = "";
			projectRoot = "";
			targets = (
				FA65C6C62384ED7F00CB1FAB /* CoreDataProject */,
			);
		};
/* End PBXProject section */

/* Begin PBXResourcesBuildPhase section */
		FA65C6C52384ED7F00CB1FAB /* Resources */ = {
			isa = PBXResourcesBuildPhase;
			buildActionMask = 2147483647;
			files = (
				FA65C6DA2384ED8000CB1FAB /* LaunchScreen.storyboard in Resources */,
				FA65C6D72384ED8000CB1FAB /* Preview Assets.xcassets in Resources */,
				FA65C6D42384ED8000CB1FAB /* Assets.xcassets in Resources */,
			);
			runOnlyForDeploymentPostprocessing = 0;
		};
/* End PBXResourcesBuildPhase section */

/* Begin PBXSourcesBuildPhase section */
		FA65C6C32384ED7F00CB1FAB /* Sources */ = {
			isa = PBXSourcesBuildPhase;
			buildActionMask = 2147483647;
			files = (
				FA747BD62386640F001F6B72 /* Singer+CoreDataClass.swift in Sources */,
				FA9609282386723B0042A72B /* Candy+CoreDataProperties.swift in Sources */,
				FA65C6CB2384ED7F00CB1FAB /* AppDelegate.swift in Sources */,
				FA65C6CD2384ED7F00CB1FAB /* SceneDelegate.swift in Sources */,
				FA9609292386723B0042A72B /* Country+CoreDataClass.swift in Sources */,
				FA65C6D22384ED7F00CB1FAB /* ContentView.swift in Sources */,
				FA65C6E72384F5A600CB1FAB /* Movie+CoreDataClass.swift in Sources */,
				FA747BD72386640F001F6B72 /* Singer+CoreDataProperties.swift in Sources */,
				FA96092A2386723B0042A72B /* Country+CoreDataProperties.swift in Sources */,
				FA65C6E82384F5A600CB1FAB /* Movie+CoreDataProperties.swift in Sources */,
				FA65C6D02384ED7F00CB1FAB /* CoreDataProject.xcdatamodeld in Sources */,
				FA9609272386723B0042A72B /* Candy+CoreDataClass.swift in Sources */,
			);
			runOnlyForDeploymentPostprocessing = 0;
		};
/* End PBXSourcesBuildPhase section */

/* Begin PBXVariantGroup section */
		FA65C6D82384ED8000CB1FAB /* LaunchScreen.storyboard */ = {
			isa = PBXVariantGroup;
			children = (
				FA65C6D92384ED8000CB1FAB /* Base */,
			);
			name = LaunchScreen.storyboard;
			sourceTree = "<group>";
		};
/* End PBXVariantGroup section */

/* Begin XCBuildConfiguration section */
		FA65C6DC2384ED8000CB1FAB /* Debug */ = {
			isa = XCBuildConfiguration;
			buildSettings = {
				ALWAYS_SEARCH_USER_PATHS = NO;
				CLANG_ANALYZER_NONNULL = YES;
				CLANG_ANALYZER_NUMBER_OBJECT_CONVERSION = YES_AGGRESSIVE;
				CLANG_CXX_LANGUAGE_STANDARD = "gnu++14";
				CLANG_CXX_LIBRARY = "libc++";
				CLANG_ENABLE_MODULES = YES;
				CLANG_ENABLE_OBJC_ARC = YES;
				CLANG_ENABLE_OBJC_WEAK = YES;
				CLANG_WARN_BLOCK_CAPTURE_AUTORELEASING = YES;
				CLANG_WARN_BOOL_CONVERSION = YES;
				CLANG_WARN_COMMA = YES;
				CLANG_WARN_CONSTANT_CONVERSION = YES;
				CLANG_WARN_DEPRECATED_OBJC_IMPLEMENTATIONS = YES;
				CLANG_WARN_DIRECT_OBJC_ISA_USAGE = YES_ERROR;
				CLANG_WARN_DOCUMENTATION_COMMENTS = YES;
				CLANG_WARN_EMPTY_BODY = YES;
				CLANG_WARN_ENUM_CONVERSION = YES;
				CLANG_WARN_INFINITE_RECURSION = YES;
				CLANG_WARN_INT_CONVERSION = YES;
				CLANG_WARN_NON_LITERAL_NULL_CONVERSION = YES;
				CLANG_WARN_OBJC_IMPLICIT_RETAIN_SELF = YES;
				CLANG_WARN_OBJC_LITERAL_CONVERSION = YES;
				CLANG_WARN_OBJC_ROOT_CLASS = YES_ERROR;
				CLANG_WARN_RANGE_LOOP_ANALYSIS = YES;
				CLANG_WARN_STRICT_PROTOTYPES = YES;
				CLANG_WARN_SUSPICIOUS_MOVE = YES;
				CLANG_WARN_UNGUARDED_AVAILABILITY = YES_AGGRESSIVE;
				CLANG_WARN_UNREACHABLE_CODE = YES;
				CLANG_WARN__DUPLICATE_METHOD_MATCH = YES;
				COPY_PHASE_STRIP = NO;
				DEBUG_INFORMATION_FORMAT = dwarf;
				ENABLE_STRICT_OBJC_MSGSEND = YES;
				ENABLE_TESTABILITY = YES;
				GCC_C_LANGUAGE_STANDARD = gnu11;
				GCC_DYNAMIC_NO_PIC = NO;
				GCC_NO_COMMON_BLOCKS = YES;
				GCC_OPTIMIZATION_LEVEL = 0;
				GCC_PREPROCESSOR_DEFINITIONS = (
					"DEBUG=1",
					"$(inherited)",
				);
				GCC_WARN_64_TO_32_BIT_CONVERSION = YES;
				GCC_WARN_ABOUT_RETURN_TYPE = YES_ERROR;
				GCC_WARN_UNDECLARED_SELECTOR = YES;
				GCC_WARN_UNINITIALIZED_AUTOS = YES_AGGRESSIVE;
				GCC_WARN_UNUSED_FUNCTION = YES;
				GCC_WARN_UNUSED_VARIABLE = YES;
				IPHONEOS_DEPLOYMENT_TARGET = 13.2;
				MTL_ENABLE_DEBUG_INFO = INCLUDE_SOURCE;
				MTL_FAST_MATH = YES;
				ONLY_ACTIVE_ARCH = YES;
				SDKROOT = iphoneos;
				SWIFT_ACTIVE_COMPILATION_CONDITIONS = DEBUG;
				SWIFT_OPTIMIZATION_LEVEL = "-Onone";
			};
			name = Debug;
		};
		FA65C6DD2384ED8000CB1FAB /* Release */ = {
			isa = XCBuildConfiguration;
			buildSettings = {
				ALWAYS_SEARCH_USER_PATHS = NO;
				CLANG_ANALYZER_NONNULL = YES;
				CLANG_ANALYZER_NUMBER_OBJECT_CONVERSION = YES_AGGRESSIVE;
				CLANG_CXX_LANGUAGE_STANDARD = "gnu++14";
				CLANG_CXX_LIBRARY = "libc++";
				CLANG_ENABLE_MODULES = YES;
				CLANG_ENABLE_OBJC_ARC = YES;
				CLANG_ENABLE_OBJC_WEAK = YES;
				CLANG_WARN_BLOCK_CAPTURE_AUTORELEASING = YES;
				CLANG_WARN_BOOL_CONVERSION = YES;
				CLANG_WARN_COMMA = YES;
				CLANG_WARN_CONSTANT_CONVERSION = YES;
				CLANG_WARN_DEPRECATED_OBJC_IMPLEMENTATIONS = YES;
				CLANG_WARN_DIRECT_OBJC_ISA_USAGE = YES_ERROR;
				CLANG_WARN_DOCUMENTATION_COMMENTS = YES;
				CLANG_WARN_EMPTY_BODY = YES;
				CLANG_WARN_ENUM_CONVERSION = YES;
				CLANG_WARN_INFINITE_RECURSION = YES;
				CLANG_WARN_INT_CONVERSION = YES;
				CLANG_WARN_NON_LITERAL_NULL_CONVERSION = YES;
				CLANG_WARN_OBJC_IMPLICIT_RETAIN_SELF = YES;
				CLANG_WARN_OBJC_LITERAL_CONVERSION = YES;
				CLANG_WARN_OBJC_ROOT_CLASS = YES_ERROR;
				CLANG_WARN_RANGE_LOOP_ANALYSIS = YES;
				CLANG_WARN_STRICT_PROTOTYPES = YES;
				CLANG_WARN_SUSPICIOUS_MOVE = YES;
				CLANG_WARN_UNGUARDED_AVAILABILITY = YES_AGGRESSIVE;
				CLANG_WARN_UNREACHABLE_CODE = YES;
				CLANG_WARN__DUPLICATE_METHOD_MATCH = YES;
				COPY_PHASE_STRIP = NO;
				DEBUG_INFORMATION_FORMAT = "dwarf-with-dsym";
				ENABLE_NS_ASSERTIONS = NO;
				ENABLE_STRICT_OBJC_MSGSEND = YES;
				GCC_C_LANGUAGE_STANDARD = gnu11;
				GCC_NO_COMMON_BLOCKS = YES;
				GCC_WARN_64_TO_32_BIT_CONVERSION = YES;
				GCC_WARN_ABOUT_RETURN_TYPE = YES_ERROR;
				GCC_WARN_UNDECLARED_SELECTOR = YES;
				GCC_WARN_UNINITIALIZED_AUTOS = YES_AGGRESSIVE;
				GCC_WARN_UNUSED_FUNCTION = YES;
				GCC_WARN_UNUSED_VARIABLE = YES;
				IPHONEOS_DEPLOYMENT_TARGET = 13.2;
				MTL_ENABLE_DEBUG_INFO = NO;
				MTL_FAST_MATH = YES;
				SDKROOT = iphoneos;
				SWIFT_COMPILATION_MODE = wholemodule;
				SWIFT_OPTIMIZATION_LEVEL = "-O";
				VALIDATE_PRODUCT = YES;
			};
			name = Release;
		};
		FA65C6DF2384ED8000CB1FAB /* Debug */ = {
			isa = XCBuildConfiguration;
			buildSettings = {
				ASSETCATALOG_COMPILER_APPICON_NAME = AppIcon;
				CODE_SIGN_STYLE = Automatic;
				DEVELOPMENT_ASSET_PATHS = "\"CoreDataProject/Preview Content\"";
				DEVELOPMENT_TEAM = 486CCPNU3B;
				ENABLE_PREVIEWS = YES;
				INFOPLIST_FILE = CoreDataProject/Info.plist;
				LD_RUNPATH_SEARCH_PATHS = (
					"$(inherited)",
					"@executable_path/Frameworks",
				);
				PRODUCT_BUNDLE_IDENTIFIER = me.vazquez.angel.CoreDataProject;
				PRODUCT_NAME = "$(TARGET_NAME)";
				SWIFT_VERSION = 5.0;
				TARGETED_DEVICE_FAMILY = "1,2";
			};
			name = Debug;
		};
		FA65C6E02384ED8000CB1FAB /* Release */ = {
			isa = XCBuildConfiguration;
			buildSettings = {
				ASSETCATALOG_COMPILER_APPICON_NAME = AppIcon;
				CODE_SIGN_STYLE = Automatic;
				DEVELOPMENT_ASSET_PATHS = "\"CoreDataProject/Preview Content\"";
				DEVELOPMENT_TEAM = 486CCPNU3B;
				ENABLE_PREVIEWS = YES;
				INFOPLIST_FILE = CoreDataProject/Info.plist;
				LD_RUNPATH_SEARCH_PATHS = (
					"$(inherited)",
					"@executable_path/Frameworks",
				);
				PRODUCT_BUNDLE_IDENTIFIER = me.vazquez.angel.CoreDataProject;
				PRODUCT_NAME = "$(TARGET_NAME)";
				SWIFT_VERSION = 5.0;
				TARGETED_DEVICE_FAMILY = "1,2";
			};
			name = Release;
		};
/* End XCBuildConfiguration section */

/* Begin XCConfigurationList section */
		FA65C6C22384ED7F00CB1FAB /* Build configuration list for PBXProject "CoreDataProject" */ = {
			isa = XCConfigurationList;
			buildConfigurations = (
				FA65C6DC2384ED8000CB1FAB /* Debug */,
				FA65C6DD2384ED8000CB1FAB /* Release */,
			);
			defaultConfigurationIsVisible = 0;
			defaultConfigurationName = Release;
		};
		FA65C6DE2384ED8000CB1FAB /* Build configuration list for PBXNativeTarget "CoreDataProject" */ = {
			isa = XCConfigurationList;
			buildConfigurations = (
				FA65C6DF2384ED8000CB1FAB /* Debug */,
				FA65C6E02384ED8000CB1FAB /* Release */,
			);
			defaultConfigurationIsVisible = 0;
			defaultConfigurationName = Release;
		};
/* End XCConfigurationList section */

/* Begin XCVersionGroup section */
		FA65C6CE2384ED7F00CB1FAB /* CoreDataProject.xcdatamodeld */ = {
			isa = XCVersionGroup;
			children = (
				FA65C6CF2384ED7F00CB1FAB /* CoreDataProject.xcdatamodel */,
			);
			currentVersion = FA65C6CF2384ED7F00CB1FAB /* CoreDataProject.xcdatamodel */;
			path = CoreDataProject.xcdatamodeld;
			sourceTree = "<group>";
			versionGroupType = wrapper.xcdatamodel;
		};
/* End XCVersionGroup section */
	};
	rootObject = FA65C6BF2384ED7F00CB1FAB /* Project object */;
}
