// !$*UTF8*$!
{
	archiveVersion = 1;
	classes = {
	};
	objectVersion = 50;
	objects = {

/* Begin PBXBuildFile section */
		FA2A852023B99ED900D9D91C /* Facility.swift in Sources */ = {isa = PBXBuildFile; fileRef = FA2A851F23B99ED900D9D91C /* Facility.swift */; };
		FA2A852223B9A61900D9D91C /* Favorites.swift in Sources */ = {isa = PBXBuildFile; fileRef = FA2A852123B9A61900D9D91C /* Favorites.swift */; };
		FA566E5B23BAE3B20012C25E /* FileManager-Documents.swift in Sources */ = {isa = PBXBuildFile; fileRef = FA566E5A23BAE3B20012C25E /* FileManager-Documents.swift */; };
		FA9A829B23B6F17700BCDEF5 /* AppDelegate.swift in Sources */ = {isa = PBXBuildFile; fileRef = FA9A829A23B6F17700BCDEF5 /* AppDelegate.swift */; };
		FA9A829D23B6F17700BCDEF5 /* SceneDelegate.swift in Sources */ = {isa = PBXBuildFile; fileRef = FA9A829C23B6F17700BCDEF5 /* SceneDelegate.swift */; };
		FA9A829F23B6F17700BCDEF5 /* ContentView.swift in Sources */ = {isa = PBXBuildFile; fileRef = FA9A829E23B6F17700BCDEF5 /* ContentView.swift */; };
		FA9A82A123B6F17800BCDEF5 /* Assets.xcassets in Resources */ = {isa = PBXBuildFile; fileRef = FA9A82A023B6F17800BCDEF5 /* Assets.xcassets */; };
		FA9A82A423B6F17800BCDEF5 /* Preview Assets.xcassets in Resources */ = {isa = PBXBuildFile; fileRef = FA9A82A323B6F17800BCDEF5 /* Preview Assets.xcassets */; };
		FA9A82A723B6F17800BCDEF5 /* LaunchScreen.storyboard in Resources */ = {isa = PBXBuildFile; fileRef = FA9A82A523B6F17800BCDEF5 /* LaunchScreen.storyboard */; };
		FAF6319F23B867AE00E49685 /* resorts.json in Resources */ = {isa = PBXBuildFile; fileRef = FAF6319E23B867AE00E49685 /* resorts.json */; };
		FAF631A123B867D500E49685 /* Resort.swift in Sources */ = {isa = PBXBuildFile; fileRef = FAF631A023B867D500E49685 /* Resort.swift */; };
		FAF631A323B8690900E49685 /* Bundle-Decodable.swift in Sources */ = {isa = PBXBuildFile; fileRef = FAF631A223B8690900E49685 /* Bundle-Decodable.swift */; };
		FAF631A523B86A9C00E49685 /* WelcomeView.swift in Sources */ = {isa = PBXBuildFile; fileRef = FAF631A423B86A9C00E49685 /* WelcomeView.swift */; };
		FAF631A723B86C0400E49685 /* ResortView.swift in Sources */ = {isa = PBXBuildFile; fileRef = FAF631A623B86C0400E49685 /* ResortView.swift */; };
		FAF631A923B86CB900E49685 /* SkiDetailsView.swift in Sources */ = {isa = PBXBuildFile; fileRef = FAF631A823B86CB900E49685 /* SkiDetailsView.swift */; };
		FAF631AB23B86CEB00E49685 /* ResortDetailsView.swift in Sources */ = {isa = PBXBuildFile; fileRef = FAF631AA23B86CEB00E49685 /* ResortDetailsView.swift */; };
/* End PBXBuildFile section */

/* Begin PBXFileReference section */
		FA2A851F23B99ED900D9D91C /* Facility.swift */ = {isa = PBXFileReference; lastKnownFileType = sourcecode.swift; path = Facility.swift; sourceTree = "<group>"; };
		FA2A852123B9A61900D9D91C /* Favorites.swift */ = {isa = PBXFileReference; lastKnownFileType = sourcecode.swift; path = Favorites.swift; sourceTree = "<group>"; };
		FA566E5A23BAE3B20012C25E /* FileManager-Documents.swift */ = {isa = PBXFileReference; lastKnownFileType = sourcecode.swift; path = "FileManager-Documents.swift"; sourceTree = "<group>"; };
		FA9A829723B6F17700BCDEF5 /* SnowSeeker.app */ = {isa = PBXFileReference; explicitFileType = wrapper.application; includeInIndex = 0; path = SnowSeeker.app; sourceTree = BUILT_PRODUCTS_DIR; };
		FA9A829A23B6F17700BCDEF5 /* AppDelegate.swift */ = {isa = PBXFileReference; lastKnownFileType = sourcecode.swift; path = AppDelegate.swift; sourceTree = "<group>"; };
		FA9A829C23B6F17700BCDEF5 /* SceneDelegate.swift */ = {isa = PBXFileReference; lastKnownFileType = sourcecode.swift; path = SceneDelegate.swift; sourceTree = "<group>"; };
		FA9A829E23B6F17700BCDEF5 /* ContentView.swift */ = {isa = PBXFileReference; lastKnownFileType = sourcecode.swift; path = ContentView.swift; sourceTree = "<group>"; };
		FA9A82A023B6F17800BCDEF5 /* Assets.xcassets */ = {isa = PBXFileReference; lastKnownFileType = folder.assetcatalog; path = Assets.xcassets; sourceTree = "<group>"; };
		FA9A82A323B6F17800BCDEF5 /* Preview Assets.xcassets */ = {isa = PBXFileReference; lastKnownFileType = folder.assetcatalog; path = "Preview Assets.xcassets"; sourceTree = "<group>"; };
		FA9A82A623B6F17800BCDEF5 /* Base */ = {isa = PBXFileReference; lastKnownFileType = file.storyboard; name = Base; path = Base.lproj/LaunchScreen.storyboard; sourceTree = "<group>"; };
		FA9A82A823B6F17800BCDEF5 /* Info.plist */ = {isa = PBXFileReference; lastKnownFileType = text.plist.xml; path = Info.plist; sourceTree = "<group>"; };
		FAF6319E23B867AE00E49685 /* resorts.json */ = {isa = PBXFileReference; fileEncoding = 4; lastKnownFileType = text.json; path = resorts.json; sourceTree = "<group>"; };
		FAF631A023B867D500E49685 /* Resort.swift */ = {isa = PBXFileReference; lastKnownFileType = sourcecode.swift; path = Resort.swift; sourceTree = "<group>"; };
		FAF631A223B8690900E49685 /* Bundle-Decodable.swift */ = {isa = PBXFileReference; lastKnownFileType = sourcecode.swift; path = "Bundle-Decodable.swift"; sourceTree = "<group>"; };
		FAF631A423B86A9C00E49685 /* WelcomeView.swift */ = {isa = PBXFileReference; lastKnownFileType = sourcecode.swift; path = WelcomeView.swift; sourceTree = "<group>"; };
		FAF631A623B86C0400E49685 /* ResortView.swift */ = {isa = PBXFileReference; lastKnownFileType = sourcecode.swift; path = ResortView.swift; sourceTree = "<group>"; };
		FAF631A823B86CB900E49685 /* SkiDetailsView.swift */ = {isa = PBXFileReference; lastKnownFileType = sourcecode.swift; path = SkiDetailsView.swift; sourceTree = "<group>"; };
		FAF631AA23B86CEB00E49685 /* ResortDetailsView.swift */ = {isa = PBXFileReference; lastKnownFileType = sourcecode.swift; path = ResortDetailsView.swift; sourceTree = "<group>"; };
/* End PBXFileReference section */

/* Begin PBXFrameworksBuildPhase section */
		FA9A829423B6F17700BCDEF5 /* Frameworks */ = {
			isa = PBXFrameworksBuildPhase;
			buildActionMask = 2147483647;
			files = (
			);
			runOnlyForDeploymentPostprocessing = 0;
		};
/* End PBXFrameworksBuildPhase section */

/* Begin PBXGroup section */
		FA9A828E23B6F17700BCDEF5 = {
			isa = PBXGroup;
			children = (
				FA9A829923B6F17700BCDEF5 /* SnowSeeker */,
				FA9A829823B6F17700BCDEF5 /* Products */,
			);
			sourceTree = "<group>";
		};
		FA9A829823B6F17700BCDEF5 /* Products */ = {
			isa = PBXGroup;
			children = (
				FA9A829723B6F17700BCDEF5 /* SnowSeeker.app */,
			);
			name = Products;
			sourceTree = "<group>";
		};
		FA9A829923B6F17700BCDEF5 /* SnowSeeker */ = {
			isa = PBXGroup;
			children = (
				FAF631AE23B86D1200E49685 /* Data */,
				FAF631AD23B86D0800E49685 /* Helper */,
				FAF631AC23B86CFE00E49685 /* Views */,
				FA9A829A23B6F17700BCDEF5 /* AppDelegate.swift */,
				FA9A829C23B6F17700BCDEF5 /* SceneDelegate.swift */,
				FA9A82A023B6F17800BCDEF5 /* Assets.xcassets */,
				FA9A82A523B6F17800BCDEF5 /* LaunchScreen.storyboard */,
				FA9A82A823B6F17800BCDEF5 /* Info.plist */,
				FA9A82A223B6F17800BCDEF5 /* Preview Content */,
			);
			path = SnowSeeker;
			sourceTree = "<group>";
		};
		FA9A82A223B6F17800BCDEF5 /* Preview Content */ = {
			isa = PBXGroup;
			children = (
				FA9A82A323B6F17800BCDEF5 /* Preview Assets.xcassets */,
			);
			path = "Preview Content";
			sourceTree = "<group>";
		};
		FAF631AC23B86CFE00E49685 /* Views */ = {
			isa = PBXGroup;
			children = (
				FA9A829E23B6F17700BCDEF5 /* ContentView.swift */,
				FAF631A823B86CB900E49685 /* SkiDetailsView.swift */,
				FAF631AA23B86CEB00E49685 /* ResortDetailsView.swift */,
				FAF631A623B86C0400E49685 /* ResortView.swift */,
				FAF631A423B86A9C00E49685 /* WelcomeView.swift */,
			);
			path = Views;
			sourceTree = "<group>";
		};
		FAF631AD23B86D0800E49685 /* Helper */ = {
			isa = PBXGroup;
			children = (
				FAF631A223B8690900E49685 /* Bundle-Decodable.swift */,
				FA566E5A23BAE3B20012C25E /* FileManager-Documents.swift */,
			);
			path = Helper;
			sourceTree = "<group>";
		};
		FAF631AE23B86D1200E49685 /* Data */ = {
			isa = PBXGroup;
			children = (
				FAF6319E23B867AE00E49685 /* resorts.json */,
				FAF631A023B867D500E49685 /* Resort.swift */,
				FA2A852123B9A61900D9D91C /* Favorites.swift */,
				FA2A851F23B99ED900D9D91C /* Facility.swift */,
			);
			path = Data;
			sourceTree = "<group>";
		};
/* End PBXGroup section */

/* Begin PBXNativeTarget section */
		FA9A829623B6F17700BCDEF5 /* SnowSeeker */ = {
			isa = PBXNativeTarget;
			buildConfigurationList = FA9A82AB23B6F17800BCDEF5 /* Build configuration list for PBXNativeTarget "SnowSeeker" */;
			buildPhases = (
				FA9A829323B6F17700BCDEF5 /* Sources */,
				FA9A829423B6F17700BCDEF5 /* Frameworks */,
				FA9A829523B6F17700BCDEF5 /* Resources */,
			);
			buildRules = (
			);
			dependencies = (
			);
			name = SnowSeeker;
			productName = SnowSeeker;
			productReference = FA9A829723B6F17700BCDEF5 /* SnowSeeker.app */;
			productType = "com.apple.product-type.application";
		};
/* End PBXNativeTarget section */

/* Begin PBXProject section */
		FA9A828F23B6F17700BCDEF5 /* Project object */ = {
			isa = PBXProject;
			attributes = {
				LastSwiftUpdateCheck = 1130;
				LastUpgradeCheck = 1130;
				ORGANIZATIONNAME = "Ángel Vázquez";
				TargetAttributes = {
					FA9A829623B6F17700BCDEF5 = {
						CreatedOnToolsVersion = 11.3;
					};
				};
			};
			buildConfigurationList = FA9A829223B6F17700BCDEF5 /* Build configuration list for PBXProject "SnowSeeker" */;
			compatibilityVersion = "Xcode 9.3";
			developmentRegion = en;
			hasScannedForEncodings = 0;
			knownRegions = (
				en,
				Base,
			);
			mainGroup = FA9A828E23B6F17700BCDEF5;
			productRefGroup = FA9A829823B6F17700BCDEF5 /* Products */;
			projectDirPath = "";
			projectRoot = "";
			targets = (
				FA9A829623B6F17700BCDEF5 /* SnowSeeker */,
			);
		};
/* End PBXProject section */

/* Begin PBXResourcesBuildPhase section */
		FA9A829523B6F17700BCDEF5 /* Resources */ = {
			isa = PBXResourcesBuildPhase;
			buildActionMask = 2147483647;
			files = (
				FA9A82A723B6F17800BCDEF5 /* LaunchScreen.storyboard in Resources */,
				FA9A82A423B6F17800BCDEF5 /* Preview Assets.xcassets in Resources */,
				FAF6319F23B867AE00E49685 /* resorts.json in Resources */,
				FA9A82A123B6F17800BCDEF5 /* Assets.xcassets in Resources */,
			);
			runOnlyForDeploymentPostprocessing = 0;
		};
/* End PBXResourcesBuildPhase section */

/* Begin PBXSourcesBuildPhase section */
		FA9A829323B6F17700BCDEF5 /* Sources */ = {
			isa = PBXSourcesBuildPhase;
			buildActionMask = 2147483647;
			files = (
				FA566E5B23BAE3B20012C25E /* FileManager-Documents.swift in Sources */,
				FA9A829B23B6F17700BCDEF5 /* AppDelegate.swift in Sources */,
				FAF631A523B86A9C00E49685 /* WelcomeView.swift in Sources */,
				FA2A852023B99ED900D9D91C /* Facility.swift in Sources */,
				FA9A829D23B6F17700BCDEF5 /* SceneDelegate.swift in Sources */,
				FAF631A723B86C0400E49685 /* ResortView.swift in Sources */,
				FA2A852223B9A61900D9D91C /* Favorites.swift in Sources */,
				FAF631A323B8690900E49685 /* Bundle-Decodable.swift in Sources */,
				FAF631A123B867D500E49685 /* Resort.swift in Sources */,
				FAF631AB23B86CEB00E49685 /* ResortDetailsView.swift in Sources */,
				FA9A829F23B6F17700BCDEF5 /* ContentView.swift in Sources */,
				FAF631A923B86CB900E49685 /* SkiDetailsView.swift in Sources */,
			);
			runOnlyForDeploymentPostprocessing = 0;
		};
/* End PBXSourcesBuildPhase section */

/* Begin PBXVariantGroup section */
		FA9A82A523B6F17800BCDEF5 /* LaunchScreen.storyboard */ = {
			isa = PBXVariantGroup;
			children = (
				FA9A82A623B6F17800BCDEF5 /* Base */,
			);
			name = LaunchScreen.storyboard;
			sourceTree = "<group>";
		};
/* End PBXVariantGroup section */

/* Begin XCBuildConfiguration section */
		FA9A82A923B6F17800BCDEF5 /* Debug */ = {
			isa = XCBuildConfiguration;
			buildSettings = {
				ALWAYS_SEARCH_USER_PATHS = NO;
				CLANG_ANALYZER_NONNULL = YES;
				CLANG_ANALYZER_NUMBER_OBJECT_CONVERSION = YES_AGGRESSIVE;
				CLANG_CXX_LANGUAGE_STANDARD = "gnu++14";
				CLANG_CXX_LIBRARY = "libc++";
				CLANG_ENABLE_MODULES = YES;
				CLANG_ENABLE_OBJC_ARC = YES;
				CLANG_ENABLE_OBJC_WEAK = YES;
				CLANG_WARN_BLOCK_CAPTURE_AUTORELEASING = YES;
				CLANG_WARN_BOOL_CONVERSION = YES;
				CLANG_WARN_COMMA = YES;
				CLANG_WARN_CONSTANT_CONVERSION = YES;
				CLANG_WARN_DEPRECATED_OBJC_IMPLEMENTATIONS = YES;
				CLANG_WARN_DIRECT_OBJC_ISA_USAGE = YES_ERROR;
				CLANG_WARN_DOCUMENTATION_COMMENTS = YES;
				CLANG_WARN_EMPTY_BODY = YES;
				CLANG_WARN_ENUM_CONVERSION = YES;
				CLANG_WARN_INFINITE_RECURSION = YES;
				CLANG_WARN_INT_CONVERSION = YES;
				CLANG_WARN_NON_LITERAL_NULL_CONVERSION = YES;
				CLANG_WARN_OBJC_IMPLICIT_RETAIN_SELF = YES;
				CLANG_WARN_OBJC_LITERAL_CONVERSION = YES;
				CLANG_WARN_OBJC_ROOT_CLASS = YES_ERROR;
				CLANG_WARN_RANGE_LOOP_ANALYSIS = YES;
				CLANG_WARN_STRICT_PROTOTYPES = YES;
				CLANG_WARN_SUSPICIOUS_MOVE = YES;
				CLANG_WARN_UNGUARDED_AVAILABILITY = YES_AGGRESSIVE;
				CLANG_WARN_UNREACHABLE_CODE = YES;
				CLANG_WARN__DUPLICATE_METHOD_MATCH = YES;
				COPY_PHASE_STRIP = NO;
				DEBUG_INFORMATION_FORMAT = dwarf;
				ENABLE_STRICT_OBJC_MSGSEND = YES;
				ENABLE_TESTABILITY = YES;
				GCC_C_LANGUAGE_STANDARD = gnu11;
				GCC_DYNAMIC_NO_PIC = NO;
				GCC_NO_COMMON_BLOCKS = YES;
				GCC_OPTIMIZATION_LEVEL = 0;
				GCC_PREPROCESSOR_DEFINITIONS = (
					"DEBUG=1",
					"$(inherited)",
				);
				GCC_WARN_64_TO_32_BIT_CONVERSION = YES;
				GCC_WARN_ABOUT_RETURN_TYPE = YES_ERROR;
				GCC_WARN_UNDECLARED_SELECTOR = YES;
				GCC_WARN_UNINITIALIZED_AUTOS = YES_AGGRESSIVE;
				GCC_WARN_UNUSED_FUNCTION = YES;
				GCC_WARN_UNUSED_VARIABLE = YES;
				IPHONEOS_DEPLOYMENT_TARGET = 13.2;
				MTL_ENABLE_DEBUG_INFO = INCLUDE_SOURCE;
				MTL_FAST_MATH = YES;
				ONLY_ACTIVE_ARCH = YES;
				SDKROOT = iphoneos;
				SWIFT_ACTIVE_COMPILATION_CONDITIONS = DEBUG;
				SWIFT_OPTIMIZATION_LEVEL = "-Onone";
			};
			name = Debug;
		};
		FA9A82AA23B6F17800BCDEF5 /* Release */ = {
			isa = XCBuildConfiguration;
			buildSettings = {
				ALWAYS_SEARCH_USER_PATHS = NO;
				CLANG_ANALYZER_NONNULL = YES;
				CLANG_ANALYZER_NUMBER_OBJECT_CONVERSION = YES_AGGRESSIVE;
				CLANG_CXX_LANGUAGE_STANDARD = "gnu++14";
				CLANG_CXX_LIBRARY = "libc++";
				CLANG_ENABLE_MODULES = YES;
				CLANG_ENABLE_OBJC_ARC = YES;
				CLANG_ENABLE_OBJC_WEAK = YES;
				CLANG_WARN_BLOCK_CAPTURE_AUTORELEASING = YES;
				CLANG_WARN_BOOL_CONVERSION = YES;
				CLANG_WARN_COMMA = YES;
				CLANG_WARN_CONSTANT_CONVERSION = YES;
				CLANG_WARN_DEPRECATED_OBJC_IMPLEMENTATIONS = YES;
				CLANG_WARN_DIRECT_OBJC_ISA_USAGE = YES_ERROR;
				CLANG_WARN_DOCUMENTATION_COMMENTS = YES;
				CLANG_WARN_EMPTY_BODY = YES;
				CLANG_WARN_ENUM_CONVERSION = YES;
				CLANG_WARN_INFINITE_RECURSION = YES;
				CLANG_WARN_INT_CONVERSION = YES;
				CLANG_WARN_NON_LITERAL_NULL_CONVERSION = YES;
				CLANG_WARN_OBJC_IMPLICIT_RETAIN_SELF = YES;
				CLANG_WARN_OBJC_LITERAL_CONVERSION = YES;
				CLANG_WARN_OBJC_ROOT_CLASS = YES_ERROR;
				CLANG_WARN_RANGE_LOOP_ANALYSIS = YES;
				CLANG_WARN_STRICT_PROTOTYPES = YES;
				CLANG_WARN_SUSPICIOUS_MOVE = YES;
				CLANG_WARN_UNGUARDED_AVAILABILITY = YES_AGGRESSIVE;
				CLANG_WARN_UNREACHABLE_CODE = YES;
				CLANG_WARN__DUPLICATE_METHOD_MATCH = YES;
				COPY_PHASE_STRIP = NO;
				DEBUG_INFORMATION_FORMAT = "dwarf-with-dsym";
				ENABLE_NS_ASSERTIONS = NO;
				ENABLE_STRICT_OBJC_MSGSEND = YES;
				GCC_C_LANGUAGE_STANDARD = gnu11;
				GCC_NO_COMMON_BLOCKS = YES;
				GCC_WARN_64_TO_32_BIT_CONVERSION = YES;
				GCC_WARN_ABOUT_RETURN_TYPE = YES_ERROR;
				GCC_WARN_UNDECLARED_SELECTOR = YES;
				GCC_WARN_UNINITIALIZED_AUTOS = YES_AGGRESSIVE;
				GCC_WARN_UNUSED_FUNCTION = YES;
				GCC_WARN_UNUSED_VARIABLE = YES;
				IPHONEOS_DEPLOYMENT_TARGET = 13.2;
				MTL_ENABLE_DEBUG_INFO = NO;
				MTL_FAST_MATH = YES;
				SDKROOT = iphoneos;
				SWIFT_COMPILATION_MODE = wholemodule;
				SWIFT_OPTIMIZATION_LEVEL = "-O";
				VALIDATE_PRODUCT = YES;
			};
			name = Release;
		};
		FA9A82AC23B6F17800BCDEF5 /* Debug */ = {
			isa = XCBuildConfiguration;
			buildSettings = {
				ASSETCATALOG_COMPILER_APPICON_NAME = AppIcon;
				CODE_SIGN_STYLE = Automatic;
				DEVELOPMENT_ASSET_PATHS = "\"SnowSeeker/Preview Content\"";
				DEVELOPMENT_TEAM = 486CCPNU3B;
				ENABLE_PREVIEWS = YES;
				INFOPLIST_FILE = SnowSeeker/Info.plist;
				LD_RUNPATH_SEARCH_PATHS = (
					"$(inherited)",
					"@executable_path/Frameworks",
				);
				PRODUCT_BUNDLE_IDENTIFIER = me.vazquez.angel.SnowSeeker;
				PRODUCT_NAME = "$(TARGET_NAME)";
				SWIFT_VERSION = 5.0;
				TARGETED_DEVICE_FAMILY = "1,2";
			};
			name = Debug;
		};
		FA9A82AD23B6F17800BCDEF5 /* Release */ = {
			isa = XCBuildConfiguration;
			buildSettings = {
				ASSETCATALOG_COMPILER_APPICON_NAME = AppIcon;
				CODE_SIGN_STYLE = Automatic;
				DEVELOPMENT_ASSET_PATHS = "\"SnowSeeker/Preview Content\"";
				DEVELOPMENT_TEAM = 486CCPNU3B;
				ENABLE_PREVIEWS = YES;
				INFOPLIST_FILE = SnowSeeker/Info.plist;
				LD_RUNPATH_SEARCH_PATHS = (
					"$(inherited)",
					"@executable_path/Frameworks",
				);
				PRODUCT_BUNDLE_IDENTIFIER = me.vazquez.angel.SnowSeeker;
				PRODUCT_NAME = "$(TARGET_NAME)";
				SWIFT_VERSION = 5.0;
				TARGETED_DEVICE_FAMILY = "1,2";
			};
			name = Release;
		};
/* End XCBuildConfiguration section */

/* Begin XCConfigurationList section */
		FA9A829223B6F17700BCDEF5 /* Build configuration list for PBXProject "SnowSeeker" */ = {
			isa = XCConfigurationList;
			buildConfigurations = (
				FA9A82A923B6F17800BCDEF5 /* Debug */,
				FA9A82AA23B6F17800BCDEF5 /* Release */,
			);
			defaultConfigurationIsVisible = 0;
			defaultConfigurationName = Release;
		};
		FA9A82AB23B6F17800BCDEF5 /* Build configuration list for PBXNativeTarget "SnowSeeker" */ = {
			isa = XCConfigurationList;
			buildConfigurations = (
				FA9A82AC23B6F17800BCDEF5 /* Debug */,
				FA9A82AD23B6F17800BCDEF5 /* Release */,
			);
			defaultConfigurationIsVisible = 0;
			defaultConfigurationName = Release;
		};
/* End XCConfigurationList section */
	};
	rootObject = FA9A828F23B6F17700BCDEF5 /* Project object */;
}
