// !$*UTF8*$!
{
	archiveVersion = 1;
	classes = {
	};
	objectVersion = 50;
	objects = {

/* Begin PBXBuildFile section */
		FA3C57E323B021A900584605 /* EditCardsView.swift in Sources */ = {isa = PBXBuildFile; fileRef = FA3C57E223B021A900584605 /* EditCardsView.swift */; };
		FA524DB923B055CC0094513F /* SettingsView.swift in Sources */ = {isa = PBXBuildFile; fileRef = FA524DB823B055CC0094513F /* SettingsView.swift */; };
		FAABB6D523AC97720001B62B /* Card.swift in Sources */ = {isa = PBXBuildFile; fileRef = FAABB6D423AC97720001B62B /* Card.swift */; };
		FAABB6D723AC98E50001B62B /* CardView.swift in Sources */ = {isa = PBXBuildFile; fileRef = FAABB6D623AC98E50001B62B /* CardView.swift */; };
		FAF8AE1523A9DEAA00DE29C5 /* AppDelegate.swift in Sources */ = {isa = PBXBuildFile; fileRef = FAF8AE1423A9DEAA00DE29C5 /* AppDelegate.swift */; };
		FAF8AE1723A9DEAA00DE29C5 /* SceneDelegate.swift in Sources */ = {isa = PBXBuildFile; fileRef = FAF8AE1623A9DEAA00DE29C5 /* SceneDelegate.swift */; };
		FAF8AE1923A9DEAA00DE29C5 /* ContentView.swift in Sources */ = {isa = PBXBuildFile; fileRef = FAF8AE1823A9DEAA00DE29C5 /* ContentView.swift */; };
		FAF8AE1B23A9DEAB00DE29C5 /* Assets.xcassets in Resources */ = {isa = PBXBuildFile; fileRef = FAF8AE1A23A9DEAB00DE29C5 /* Assets.xcassets */; };
		FAF8AE1E23A9DEAB00DE29C5 /* Preview Assets.xcassets in Resources */ = {isa = PBXBuildFile; fileRef = FAF8AE1D23A9DEAB00DE29C5 /* Preview Assets.xcassets */; };
		FAF8AE2123A9DEAB00DE29C5 /* LaunchScreen.storyboard in Resources */ = {isa = PBXBuildFile; fileRef = FAF8AE1F23A9DEAB00DE29C5 /* LaunchScreen.storyboard */; };
/* End PBXBuildFile section */

/* Begin PBXFileReference section */
		FA3C57E223B021A900584605 /* EditCardsView.swift */ = {isa = PBXFileReference; lastKnownFileType = sourcecode.swift; path = EditCardsView.swift; sourceTree = "<group>"; };
		FA524DB823B055CC0094513F /* SettingsView.swift */ = {isa = PBXFileReference; lastKnownFileType = sourcecode.swift; path = SettingsView.swift; sourceTree = "<group>"; };
		FAABB6D423AC97720001B62B /* Card.swift */ = {isa = PBXFileReference; lastKnownFileType = sourcecode.swift; path = Card.swift; sourceTree = "<group>"; };
		FAABB6D623AC98E50001B62B /* CardView.swift */ = {isa = PBXFileReference; lastKnownFileType = sourcecode.swift; path = CardView.swift; sourceTree = "<group>"; };
		FAF8AE1123A9DEAA00DE29C5 /* Flashzilla.app */ = {isa = PBXFileReference; explicitFileType = wrapper.application; includeInIndex = 0; path = Flashzilla.app; sourceTree = BUILT_PRODUCTS_DIR; };
		FAF8AE1423A9DEAA00DE29C5 /* AppDelegate.swift */ = {isa = PBXFileReference; lastKnownFileType = sourcecode.swift; path = AppDelegate.swift; sourceTree = "<group>"; };
		FAF8AE1623A9DEAA00DE29C5 /* SceneDelegate.swift */ = {isa = PBXFileReference; lastKnownFileType = sourcecode.swift; path = SceneDelegate.swift; sourceTree = "<group>"; };
		FAF8AE1823A9DEAA00DE29C5 /* ContentView.swift */ = {isa = PBXFileReference; lastKnownFileType = sourcecode.swift; path = ContentView.swift; sourceTree = "<group>"; };
		FAF8AE1A23A9DEAB00DE29C5 /* Assets.xcassets */ = {isa = PBXFileReference; lastKnownFileType = folder.assetcatalog; path = Assets.xcassets; sourceTree = "<group>"; };
		FAF8AE1D23A9DEAB00DE29C5 /* Preview Assets.xcassets */ = {isa = PBXFileReference; lastKnownFileType = folder.assetcatalog; path = "Preview Assets.xcassets"; sourceTree = "<group>"; };
		FAF8AE2023A9DEAB00DE29C5 /* Base */ = {isa = PBXFileReference; lastKnownFileType = file.storyboard; name = Base; path = Base.lproj/LaunchScreen.storyboard; sourceTree = "<group>"; };
		FAF8AE2223A9DEAB00DE29C5 /* Info.plist */ = {isa = PBXFileReference; lastKnownFileType = text.plist.xml; path = Info.plist; sourceTree = "<group>"; };
/* End PBXFileReference section */

/* Begin PBXFrameworksBuildPhase section */
		FAF8AE0E23A9DEAA00DE29C5 /* Frameworks */ = {
			isa = PBXFrameworksBuildPhase;
			buildActionMask = 2147483647;
			files = (
			);
			runOnlyForDeploymentPostprocessing = 0;
		};
/* End PBXFrameworksBuildPhase section */

/* Begin PBXGroup section */
		FAF8AE0823A9DEAA00DE29C5 = {
			isa = PBXGroup;
			children = (
				FAF8AE1323A9DEAA00DE29C5 /* Flashzilla */,
				FAF8AE1223A9DEAA00DE29C5 /* Products */,
			);
			sourceTree = "<group>";
		};
		FAF8AE1223A9DEAA00DE29C5 /* Products */ = {
			isa = PBXGroup;
			children = (
				FAF8AE1123A9DEAA00DE29C5 /* Flashzilla.app */,
			);
			name = Products;
			sourceTree = "<group>";
		};
		FAF8AE1323A9DEAA00DE29C5 /* Flashzilla */ = {
			isa = PBXGroup;
			children = (
				FAF8AE1423A9DEAA00DE29C5 /* AppDelegate.swift */,
				FAF8AE1623A9DEAA00DE29C5 /* SceneDelegate.swift */,
				FAF8AE1823A9DEAA00DE29C5 /* ContentView.swift */,
				FA524DB823B055CC0094513F /* SettingsView.swift */,
				FAABB6D623AC98E50001B62B /* CardView.swift */,
				FA3C57E223B021A900584605 /* EditCardsView.swift */,
				FAABB6D423AC97720001B62B /* Card.swift */,
				FAF8AE1A23A9DEAB00DE29C5 /* Assets.xcassets */,
				FAF8AE1F23A9DEAB00DE29C5 /* LaunchScreen.storyboard */,
				FAF8AE2223A9DEAB00DE29C5 /* Info.plist */,
				FAF8AE1C23A9DEAB00DE29C5 /* Preview Content */,
			);
			path = Flashzilla;
			sourceTree = "<group>";
		};
		FAF8AE1C23A9DEAB00DE29C5 /* Preview Content */ = {
			isa = PBXGroup;
			children = (
				FAF8AE1D23A9DEAB00DE29C5 /* Preview Assets.xcassets */,
			);
			path = "Preview Content";
			sourceTree = "<group>";
		};
/* End PBXGroup section */

/* Begin PBXNativeTarget section */
		FAF8AE1023A9DEAA00DE29C5 /* Flashzilla */ = {
			isa = PBXNativeTarget;
			buildConfigurationList = FAF8AE2523A9DEAB00DE29C5 /* Build configuration list for PBXNativeTarget "Flashzilla" */;
			buildPhases = (
				FAF8AE0D23A9DEAA00DE29C5 /* Sources */,
				FAF8AE0E23A9DEAA00DE29C5 /* Frameworks */,
				FAF8AE0F23A9DEAA00DE29C5 /* Resources */,
			);
			buildRules = (
			);
			dependencies = (
			);
			name = Flashzilla;
			productName = Flashzilla;
			productReference = FAF8AE1123A9DEAA00DE29C5 /* Flashzilla.app */;
			productType = "com.apple.product-type.application";
		};
/* End PBXNativeTarget section */

/* Begin PBXProject section */
		FAF8AE0923A9DEAA00DE29C5 /* Project object */ = {
			isa = PBXProject;
			attributes = {
				LastSwiftUpdateCheck = 1130;
				LastUpgradeCheck = 1130;
				ORGANIZATIONNAME = "Ángel Vázquez";
				TargetAttributes = {
					FAF8AE1023A9DEAA00DE29C5 = {
						CreatedOnToolsVersion = 11.3;
					};
				};
			};
			buildConfigurationList = FAF8AE0C23A9DEAA00DE29C5 /* Build configuration list for PBXProject "Flashzilla" */;
			compatibilityVersion = "Xcode 9.3";
			developmentRegion = en;
			hasScannedForEncodings = 0;
			knownRegions = (
				en,
				Base,
			);
			mainGroup = FAF8AE0823A9DEAA00DE29C5;
			productRefGroup = FAF8AE1223A9DEAA00DE29C5 /* Products */;
			projectDirPath = "";
			projectRoot = "";
			targets = (
				FAF8AE1023A9DEAA00DE29C5 /* Flashzilla */,
			);
		};
/* End PBXProject section */

/* Begin PBXResourcesBuildPhase section */
		FAF8AE0F23A9DEAA00DE29C5 /* Resources */ = {
			isa = PBXResourcesBuildPhase;
			buildActionMask = 2147483647;
			files = (
				FAF8AE2123A9DEAB00DE29C5 /* LaunchScreen.storyboard in Resources */,
				FAF8AE1E23A9DEAB00DE29C5 /* Preview Assets.xcassets in Resources */,
				FAF8AE1B23A9DEAB00DE29C5 /* Assets.xcassets in Resources */,
			);
			runOnlyForDeploymentPostprocessing = 0;
		};
/* End PBXResourcesBuildPhase section */

/* Begin PBXSourcesBuildPhase section */
		FAF8AE0D23A9DEAA00DE29C5 /* Sources */ = {
			isa = PBXSourcesBuildPhase;
			buildActionMask = 2147483647;
			files = (
				FA524DB923B055CC0094513F /* SettingsView.swift in Sources */,
				FA3C57E323B021A900584605 /* EditCardsView.swift in Sources */,
				FAF8AE1523A9DEAA00DE29C5 /* AppDelegate.swift in Sources */,
				FAF8AE1723A9DEAA00DE29C5 /* SceneDelegate.swift in Sources */,
				FAF8AE1923A9DEAA00DE29C5 /* ContentView.swift in Sources */,
				FAABB6D523AC97720001B62B /* Card.swift in Sources */,
				FAABB6D723AC98E50001B62B /* CardView.swift in Sources */,
			);
			runOnlyForDeploymentPostprocessing = 0;
		};
/* End PBXSourcesBuildPhase section */

/* Begin PBXVariantGroup section */
		FAF8AE1F23A9DEAB00DE29C5 /* LaunchScreen.storyboard */ = {
			isa = PBXVariantGroup;
			children = (
				FAF8AE2023A9DEAB00DE29C5 /* Base */,
			);
			name = LaunchScreen.storyboard;
			sourceTree = "<group>";
		};
/* End PBXVariantGroup section */

/* Begin XCBuildConfiguration section */
		FAF8AE2323A9DEAB00DE29C5 /* Debug */ = {
			isa = XCBuildConfiguration;
			buildSettings = {
				ALWAYS_SEARCH_USER_PATHS = NO;
				CLANG_ANALYZER_NONNULL = YES;
				CLANG_ANALYZER_NUMBER_OBJECT_CONVERSION = YES_AGGRESSIVE;
				CLANG_CXX_LANGUAGE_STANDARD = "gnu++14";
				CLANG_CXX_LIBRARY = "libc++";
				CLANG_ENABLE_MODULES = YES;
				CLANG_ENABLE_OBJC_ARC = YES;
				CLANG_ENABLE_OBJC_WEAK = YES;
				CLANG_WARN_BLOCK_CAPTURE_AUTORELEASING = YES;
				CLANG_WARN_BOOL_CONVERSION = YES;
				CLANG_WARN_COMMA = YES;
				CLANG_WARN_CONSTANT_CONVERSION = YES;
				CLANG_WARN_DEPRECATED_OBJC_IMPLEMENTATIONS = YES;
				CLANG_WARN_DIRECT_OBJC_ISA_USAGE = YES_ERROR;
				CLANG_WARN_DOCUMENTATION_COMMENTS = YES;
				CLANG_WARN_EMPTY_BODY = YES;
				CLANG_WARN_ENUM_CONVERSION = YES;
				CLANG_WARN_INFINITE_RECURSION = YES;
				CLANG_WARN_INT_CONVERSION = YES;
				CLANG_WARN_NON_LITERAL_NULL_CONVERSION = YES;
				CLANG_WARN_OBJC_IMPLICIT_RETAIN_SELF = YES;
				CLANG_WARN_OBJC_LITERAL_CONVERSION = YES;
				CLANG_WARN_OBJC_ROOT_CLASS = YES_ERROR;
				CLANG_WARN_RANGE_LOOP_ANALYSIS = YES;
				CLANG_WARN_STRICT_PROTOTYPES = YES;
				CLANG_WARN_SUSPICIOUS_MOVE = YES;
				CLANG_WARN_UNGUARDED_AVAILABILITY = YES_AGGRESSIVE;
				CLANG_WARN_UNREACHABLE_CODE = YES;
				CLANG_WARN__DUPLICATE_METHOD_MATCH = YES;
				COPY_PHASE_STRIP = NO;
				DEBUG_INFORMATION_FORMAT = dwarf;
				ENABLE_STRICT_OBJC_MSGSEND = YES;
				ENABLE_TESTABILITY = YES;
				GCC_C_LANGUAGE_STANDARD = gnu11;
				GCC_DYNAMIC_NO_PIC = NO;
				GCC_NO_COMMON_BLOCKS = YES;
				GCC_OPTIMIZATION_LEVEL = 0;
				GCC_PREPROCESSOR_DEFINITIONS = (
					"DEBUG=1",
					"$(inherited)",
				);
				GCC_WARN_64_TO_32_BIT_CONVERSION = YES;
				GCC_WARN_ABOUT_RETURN_TYPE = YES_ERROR;
				GCC_WARN_UNDECLARED_SELECTOR = YES;
				GCC_WARN_UNINITIALIZED_AUTOS = YES_AGGRESSIVE;
				GCC_WARN_UNUSED_FUNCTION = YES;
				GCC_WARN_UNUSED_VARIABLE = YES;
				IPHONEOS_DEPLOYMENT_TARGET = 13.2;
				MTL_ENABLE_DEBUG_INFO = INCLUDE_SOURCE;
				MTL_FAST_MATH = YES;
				ONLY_ACTIVE_ARCH = YES;
				SDKROOT = iphoneos;
				SWIFT_ACTIVE_COMPILATION_CONDITIONS = DEBUG;
				SWIFT_OPTIMIZATION_LEVEL = "-Onone";
			};
			name = Debug;
		};
		FAF8AE2423A9DEAB00DE29C5 /* Release */ = {
			isa = XCBuildConfiguration;
			buildSettings = {
				ALWAYS_SEARCH_USER_PATHS = NO;
				CLANG_ANALYZER_NONNULL = YES;
				CLANG_ANALYZER_NUMBER_OBJECT_CONVERSION = YES_AGGRESSIVE;
				CLANG_CXX_LANGUAGE_STANDARD = "gnu++14";
				CLANG_CXX_LIBRARY = "libc++";
				CLANG_ENABLE_MODULES = YES;
				CLANG_ENABLE_OBJC_ARC = YES;
				CLANG_ENABLE_OBJC_WEAK = YES;
				CLANG_WARN_BLOCK_CAPTURE_AUTORELEASING = YES;
				CLANG_WARN_BOOL_CONVERSION = YES;
				CLANG_WARN_COMMA = YES;
				CLANG_WARN_CONSTANT_CONVERSION = YES;
				CLANG_WARN_DEPRECATED_OBJC_IMPLEMENTATIONS = YES;
				CLANG_WARN_DIRECT_OBJC_ISA_USAGE = YES_ERROR;
				CLANG_WARN_DOCUMENTATION_COMMENTS = YES;
				CLANG_WARN_EMPTY_BODY = YES;
				CLANG_WARN_ENUM_CONVERSION = YES;
				CLANG_WARN_INFINITE_RECURSION = YES;
				CLANG_WARN_INT_CONVERSION = YES;
				CLANG_WARN_NON_LITERAL_NULL_CONVERSION = YES;
				CLANG_WARN_OBJC_IMPLICIT_RETAIN_SELF = YES;
				CLANG_WARN_OBJC_LITERAL_CONVERSION = YES;
				CLANG_WARN_OBJC_ROOT_CLASS = YES_ERROR;
				CLANG_WARN_RANGE_LOOP_ANALYSIS = YES;
				CLANG_WARN_STRICT_PROTOTYPES = YES;
				CLANG_WARN_SUSPICIOUS_MOVE = YES;
				CLANG_WARN_UNGUARDED_AVAILABILITY = YES_AGGRESSIVE;
				CLANG_WARN_UNREACHABLE_CODE = YES;
				CLANG_WARN__DUPLICATE_METHOD_MATCH = YES;
				COPY_PHASE_STRIP = NO;
				DEBUG_INFORMATION_FORMAT = "dwarf-with-dsym";
				ENABLE_NS_ASSERTIONS = NO;
				ENABLE_STRICT_OBJC_MSGSEND = YES;
				GCC_C_LANGUAGE_STANDARD = gnu11;
				GCC_NO_COMMON_BLOCKS = YES;
				GCC_WARN_64_TO_32_BIT_CONVERSION = YES;
				GCC_WARN_ABOUT_RETURN_TYPE = YES_ERROR;
				GCC_WARN_UNDECLARED_SELECTOR = YES;
				GCC_WARN_UNINITIALIZED_AUTOS = YES_AGGRESSIVE;
				GCC_WARN_UNUSED_FUNCTION = YES;
				GCC_WARN_UNUSED_VARIABLE = YES;
				IPHONEOS_DEPLOYMENT_TARGET = 13.2;
				MTL_ENABLE_DEBUG_INFO = NO;
				MTL_FAST_MATH = YES;
				SDKROOT = iphoneos;
				SWIFT_COMPILATION_MODE = wholemodule;
				SWIFT_OPTIMIZATION_LEVEL = "-O";
				VALIDATE_PRODUCT = YES;
			};
			name = Release;
		};
		FAF8AE2623A9DEAB00DE29C5 /* Debug */ = {
			isa = XCBuildConfiguration;
			buildSettings = {
				ASSETCATALOG_COMPILER_APPICON_NAME = AppIcon;
				CODE_SIGN_STYLE = Automatic;
				DEVELOPMENT_ASSET_PATHS = "\"Flashzilla/Preview Content\"";
				DEVELOPMENT_TEAM = 486CCPNU3B;
				ENABLE_PREVIEWS = YES;
				INFOPLIST_FILE = Flashzilla/Info.plist;
				LD_RUNPATH_SEARCH_PATHS = (
					"$(inherited)",
					"@executable_path/Frameworks",
				);
				PRODUCT_BUNDLE_IDENTIFIER = me.vazquez.angel.Flashzilla;
				PRODUCT_NAME = "$(TARGET_NAME)";
				SWIFT_VERSION = 5.0;
				TARGETED_DEVICE_FAMILY = "1,2";
			};
			name = Debug;
		};
		FAF8AE2723A9DEAB00DE29C5 /* Release */ = {
			isa = XCBuildConfiguration;
			buildSettings = {
				ASSETCATALOG_COMPILER_APPICON_NAME = AppIcon;
				CODE_SIGN_STYLE = Automatic;
				DEVELOPMENT_ASSET_PATHS = "\"Flashzilla/Preview Content\"";
				DEVELOPMENT_TEAM = 486CCPNU3B;
				ENABLE_PREVIEWS = YES;
				INFOPLIST_FILE = Flashzilla/Info.plist;
				LD_RUNPATH_SEARCH_PATHS = (
					"$(inherited)",
					"@executable_path/Frameworks",
				);
				PRODUCT_BUNDLE_IDENTIFIER = me.vazquez.angel.Flashzilla;
				PRODUCT_NAME = "$(TARGET_NAME)";
				SWIFT_VERSION = 5.0;
				TARGETED_DEVICE_FAMILY = "1,2";
			};
			name = Release;
		};
/* End XCBuildConfiguration section */

/* Begin XCConfigurationList section */
		FAF8AE0C23A9DEAA00DE29C5 /* Build configuration list for PBXProject "Flashzilla" */ = {
			isa = XCConfigurationList;
			buildConfigurations = (
				FAF8AE2323A9DEAB00DE29C5 /* Debug */,
				FAF8AE2423A9DEAB00DE29C5 /* Release */,
			);
			defaultConfigurationIsVisible = 0;
			defaultConfigurationName = Release;
		};
		FAF8AE2523A9DEAB00DE29C5 /* Build configuration list for PBXNativeTarget "Flashzilla" */ = {
			isa = XCConfigurationList;
			buildConfigurations = (
				FAF8AE2623A9DEAB00DE29C5 /* Debug */,
				FAF8AE2723A9DEAB00DE29C5 /* Release */,
			);
			defaultConfigurationIsVisible = 0;
			defaultConfigurationName = Release;
		};
/* End XCConfigurationList section */
	};
	rootObject = FAF8AE0923A9DEAA00DE29C5 /* Project object */;
}
