// !$*UTF8*$!
{
	archiveVersion = 1;
	classes = {
	};
	objectVersion = 50;
	objects = {

/* Begin PBXBuildFile section */
		FAC99DBA2364ED56007BD772 /* AnimationStackView.swift in Sources */ = {isa = PBXBuildFile; fileRef = FAC99DB92364ED56007BD772 /* AnimationStackView.swift */; };
		FAE4D52B236290D6005F1721 /* AppDelegate.swift in Sources */ = {isa = PBXBuildFile; fileRef = FAE4D52A236290D6005F1721 /* AppDelegate.swift */; };
		FAE4D52D236290D6005F1721 /* SceneDelegate.swift in Sources */ = {isa = PBXBuildFile; fileRef = FAE4D52C236290D6005F1721 /* SceneDelegate.swift */; };
		FAE4D52F236290D6005F1721 /* PulsatingAnimation.swift in Sources */ = {isa = PBXBuildFile; fileRef = FAE4D52E236290D6005F1721 /* PulsatingAnimation.swift */; };
		FAE4D531236290D7005F1721 /* Assets.xcassets in Resources */ = {isa = PBXBuildFile; fileRef = FAE4D530236290D7005F1721 /* Assets.xcassets */; };
		FAE4D534236290D7005F1721 /* Preview Assets.xcassets in Resources */ = {isa = PBXBuildFile; fileRef = FAE4D533236290D7005F1721 /* Preview Assets.xcassets */; };
		FAE4D537236290D7005F1721 /* LaunchScreen.storyboard in Resources */ = {isa = PBXBuildFile; fileRef = FAE4D535236290D7005F1721 /* LaunchScreen.storyboard */; };
		FAE4D54123629E16005F1721 /* BindingAnimation.swift in Sources */ = {isa = PBXBuildFile; fileRef = FAE4D54023629E16005F1721 /* BindingAnimation.swift */; };
		FAE4D54323629E20005F1721 /* ContentView.swift in Sources */ = {isa = PBXBuildFile; fileRef = FAE4D54223629E20005F1721 /* ContentView.swift */; };
		FAE4D5452362A2CF005F1721 /* ExplicitAnimation.swift in Sources */ = {isa = PBXBuildFile; fileRef = FAE4D5442362A2CF005F1721 /* ExplicitAnimation.swift */; };
/* End PBXBuildFile section */

/* Begin PBXFileReference section */
		FAC99DB92364ED56007BD772 /* AnimationStackView.swift */ = {isa = PBXFileReference; lastKnownFileType = sourcecode.swift; path = AnimationStackView.swift; sourceTree = "<group>"; };
		FAE4D527236290D6005F1721 /* Animations.app */ = {isa = PBXFileReference; explicitFileType = wrapper.application; includeInIndex = 0; path = Animations.app; sourceTree = BUILT_PRODUCTS_DIR; };
		FAE4D52A236290D6005F1721 /* AppDelegate.swift */ = {isa = PBXFileReference; lastKnownFileType = sourcecode.swift; path = AppDelegate.swift; sourceTree = "<group>"; };
		FAE4D52C236290D6005F1721 /* SceneDelegate.swift */ = {isa = PBXFileReference; lastKnownFileType = sourcecode.swift; path = SceneDelegate.swift; sourceTree = "<group>"; };
		FAE4D52E236290D6005F1721 /* PulsatingAnimation.swift */ = {isa = PBXFileReference; lastKnownFileType = sourcecode.swift; path = PulsatingAnimation.swift; sourceTree = "<group>"; };
		FAE4D530236290D7005F1721 /* Assets.xcassets */ = {isa = PBXFileReference; lastKnownFileType = folder.assetcatalog; path = Assets.xcassets; sourceTree = "<group>"; };
		FAE4D533236290D7005F1721 /* Preview Assets.xcassets */ = {isa = PBXFileReference; lastKnownFileType = folder.assetcatalog; path = "Preview Assets.xcassets"; sourceTree = "<group>"; };
		FAE4D536236290D7005F1721 /* Base */ = {isa = PBXFileReference; lastKnownFileType = file.storyboard; name = Base; path = Base.lproj/LaunchScreen.storyboard; sourceTree = "<group>"; };
		FAE4D538236290D7005F1721 /* Info.plist */ = {isa = PBXFileReference; lastKnownFileType = text.plist.xml; path = Info.plist; sourceTree = "<group>"; };
		FAE4D54023629E16005F1721 /* BindingAnimation.swift */ = {isa = PBXFileReference; lastKnownFileType = sourcecode.swift; path = BindingAnimation.swift; sourceTree = "<group>"; };
		FAE4D54223629E20005F1721 /* ContentView.swift */ = {isa = PBXFileReference; lastKnownFileType = sourcecode.swift; path = ContentView.swift; sourceTree = "<group>"; };
		FAE4D5442362A2CF005F1721 /* ExplicitAnimation.swift */ = {isa = PBXFileReference; lastKnownFileType = sourcecode.swift; path = ExplicitAnimation.swift; sourceTree = "<group>"; };
/* End PBXFileReference section */

/* Begin PBXFrameworksBuildPhase section */
		FAE4D524236290D6005F1721 /* Frameworks */ = {
			isa = PBXFrameworksBuildPhase;
			buildActionMask = 2147483647;
			files = (
			);
			runOnlyForDeploymentPostprocessing = 0;
		};
/* End PBXFrameworksBuildPhase section */

/* Begin PBXGroup section */
		FAE4D51E236290D6005F1721 = {
			isa = PBXGroup;
			children = (
				FAE4D529236290D6005F1721 /* Animations */,
				FAE4D528236290D6005F1721 /* Products */,
			);
			sourceTree = "<group>";
		};
		FAE4D528236290D6005F1721 /* Products */ = {
			isa = PBXGroup;
			children = (
				FAE4D527236290D6005F1721 /* Animations.app */,
			);
			name = Products;
			sourceTree = "<group>";
		};
		FAE4D529236290D6005F1721 /* Animations */ = {
			isa = PBXGroup;
			children = (
				FAE4D52A236290D6005F1721 /* AppDelegate.swift */,
				FAE4D52C236290D6005F1721 /* SceneDelegate.swift */,
				FAE4D54223629E20005F1721 /* ContentView.swift */,
				FAE4D52E236290D6005F1721 /* PulsatingAnimation.swift */,
				FAE4D54023629E16005F1721 /* BindingAnimation.swift */,
				FAC99DB92364ED56007BD772 /* AnimationStackView.swift */,
				FAE4D5442362A2CF005F1721 /* ExplicitAnimation.swift */,
				FAE4D530236290D7005F1721 /* Assets.xcassets */,
				FAE4D535236290D7005F1721 /* LaunchScreen.storyboard */,
				FAE4D538236290D7005F1721 /* Info.plist */,
				FAE4D532236290D7005F1721 /* Preview Content */,
			);
			path = Animations;
			sourceTree = "<group>";
		};
		FAE4D532236290D7005F1721 /* Preview Content */ = {
			isa = PBXGroup;
			children = (
				FAE4D533236290D7005F1721 /* Preview Assets.xcassets */,
			);
			path = "Preview Content";
			sourceTree = "<group>";
		};
/* End PBXGroup section */

/* Begin PBXNativeTarget section */
		FAE4D526236290D6005F1721 /* Animations */ = {
			isa = PBXNativeTarget;
			buildConfigurationList = FAE4D53B236290D7005F1721 /* Build configuration list for PBXNativeTarget "Animations" */;
			buildPhases = (
				FAE4D523236290D6005F1721 /* Sources */,
				FAE4D524236290D6005F1721 /* Frameworks */,
				FAE4D525236290D6005F1721 /* Resources */,
			);
			buildRules = (
			);
			dependencies = (
			);
			name = Animations;
			productName = Animations;
			productReference = FAE4D527236290D6005F1721 /* Animations.app */;
			productType = "com.apple.product-type.application";
		};
/* End PBXNativeTarget section */

/* Begin PBXProject section */
		FAE4D51F236290D6005F1721 /* Project object */ = {
			isa = PBXProject;
			attributes = {
				LastSwiftUpdateCheck = 1110;
				LastUpgradeCheck = 1110;
				ORGANIZATIONNAME = "Ángel Vázquez";
				TargetAttributes = {
					FAE4D526236290D6005F1721 = {
						CreatedOnToolsVersion = 11.1;
					};
				};
			};
			buildConfigurationList = FAE4D522236290D6005F1721 /* Build configuration list for PBXProject "Animations" */;
			compatibilityVersion = "Xcode 9.3";
			developmentRegion = en;
			hasScannedForEncodings = 0;
			knownRegions = (
				en,
				Base,
			);
			mainGroup = FAE4D51E236290D6005F1721;
			productRefGroup = FAE4D528236290D6005F1721 /* Products */;
			projectDirPath = "";
			projectRoot = "";
			targets = (
				FAE4D526236290D6005F1721 /* Animations */,
			);
		};
/* End PBXProject section */

/* Begin PBXResourcesBuildPhase section */
		FAE4D525236290D6005F1721 /* Resources */ = {
			isa = PBXResourcesBuildPhase;
			buildActionMask = 2147483647;
			files = (
				FAE4D537236290D7005F1721 /* LaunchScreen.storyboard in Resources */,
				FAE4D534236290D7005F1721 /* Preview Assets.xcassets in Resources */,
				FAE4D531236290D7005F1721 /* Assets.xcassets in Resources */,
			);
			runOnlyForDeploymentPostprocessing = 0;
		};
/* End PBXResourcesBuildPhase section */

/* Begin PBXSourcesBuildPhase section */
		FAE4D523236290D6005F1721 /* Sources */ = {
			isa = PBXSourcesBuildPhase;
			buildActionMask = 2147483647;
			files = (
				FAE4D54123629E16005F1721 /* BindingAnimation.swift in Sources */,
				FAE4D54323629E20005F1721 /* ContentView.swift in Sources */,
				FAE4D5452362A2CF005F1721 /* ExplicitAnimation.swift in Sources */,
				FAE4D52B236290D6005F1721 /* AppDelegate.swift in Sources */,
				FAC99DBA2364ED56007BD772 /* AnimationStackView.swift in Sources */,
				FAE4D52D236290D6005F1721 /* SceneDelegate.swift in Sources */,
				FAE4D52F236290D6005F1721 /* PulsatingAnimation.swift in Sources */,
			);
			runOnlyForDeploymentPostprocessing = 0;
		};
/* End PBXSourcesBuildPhase section */

/* Begin PBXVariantGroup section */
		FAE4D535236290D7005F1721 /* LaunchScreen.storyboard */ = {
			isa = PBXVariantGroup;
			children = (
				FAE4D536236290D7005F1721 /* Base */,
			);
			name = LaunchScreen.storyboard;
			sourceTree = "<group>";
		};
/* End PBXVariantGroup section */

/* Begin XCBuildConfiguration section */
		FAE4D539236290D7005F1721 /* Debug */ = {
			isa = XCBuildConfiguration;
			buildSettings = {
				ALWAYS_SEARCH_USER_PATHS = NO;
				CLANG_ANALYZER_NONNULL = YES;
				CLANG_ANALYZER_NUMBER_OBJECT_CONVERSION = YES_AGGRESSIVE;
				CLANG_CXX_LANGUAGE_STANDARD = "gnu++14";
				CLANG_CXX_LIBRARY = "libc++";
				CLANG_ENABLE_MODULES = YES;
				CLANG_ENABLE_OBJC_ARC = YES;
				CLANG_ENABLE_OBJC_WEAK = YES;
				CLANG_WARN_BLOCK_CAPTURE_AUTORELEASING = YES;
				CLANG_WARN_BOOL_CONVERSION = YES;
				CLANG_WARN_COMMA = YES;
				CLANG_WARN_CONSTANT_CONVERSION = YES;
				CLANG_WARN_DEPRECATED_OBJC_IMPLEMENTATIONS = YES;
				CLANG_WARN_DIRECT_OBJC_ISA_USAGE = YES_ERROR;
				CLANG_WARN_DOCUMENTATION_COMMENTS = YES;
				CLANG_WARN_EMPTY_BODY = YES;
				CLANG_WARN_ENUM_CONVERSION = YES;
				CLANG_WARN_INFINITE_RECURSION = YES;
				CLANG_WARN_INT_CONVERSION = YES;
				CLANG_WARN_NON_LITERAL_NULL_CONVERSION = YES;
				CLANG_WARN_OBJC_IMPLICIT_RETAIN_SELF = YES;
				CLANG_WARN_OBJC_LITERAL_CONVERSION = YES;
				CLANG_WARN_OBJC_ROOT_CLASS = YES_ERROR;
				CLANG_WARN_RANGE_LOOP_ANALYSIS = YES;
				CLANG_WARN_STRICT_PROTOTYPES = YES;
				CLANG_WARN_SUSPICIOUS_MOVE = YES;
				CLANG_WARN_UNGUARDED_AVAILABILITY = YES_AGGRESSIVE;
				CLANG_WARN_UNREACHABLE_CODE = YES;
				CLANG_WARN__DUPLICATE_METHOD_MATCH = YES;
				COPY_PHASE_STRIP = NO;
				DEBUG_INFORMATION_FORMAT = dwarf;
				ENABLE_STRICT_OBJC_MSGSEND = YES;
				ENABLE_TESTABILITY = YES;
				GCC_C_LANGUAGE_STANDARD = gnu11;
				GCC_DYNAMIC_NO_PIC = NO;
				GCC_NO_COMMON_BLOCKS = YES;
				GCC_OPTIMIZATION_LEVEL = 0;
				GCC_PREPROCESSOR_DEFINITIONS = (
					"DEBUG=1",
					"$(inherited)",
				);
				GCC_WARN_64_TO_32_BIT_CONVERSION = YES;
				GCC_WARN_ABOUT_RETURN_TYPE = YES_ERROR;
				GCC_WARN_UNDECLARED_SELECTOR = YES;
				GCC_WARN_UNINITIALIZED_AUTOS = YES_AGGRESSIVE;
				GCC_WARN_UNUSED_FUNCTION = YES;
				GCC_WARN_UNUSED_VARIABLE = YES;
				IPHONEOS_DEPLOYMENT_TARGET = 13.1;
				MTL_ENABLE_DEBUG_INFO = INCLUDE_SOURCE;
				MTL_FAST_MATH = YES;
				ONLY_ACTIVE_ARCH = YES;
				SDKROOT = iphoneos;
				SWIFT_ACTIVE_COMPILATION_CONDITIONS = DEBUG;
				SWIFT_OPTIMIZATION_LEVEL = "-Onone";
			};
			name = Debug;
		};
		FAE4D53A236290D7005F1721 /* Release */ = {
			isa = XCBuildConfiguration;
			buildSettings = {
				ALWAYS_SEARCH_USER_PATHS = NO;
				CLANG_ANALYZER_NONNULL = YES;
				CLANG_ANALYZER_NUMBER_OBJECT_CONVERSION = YES_AGGRESSIVE;
				CLANG_CXX_LANGUAGE_STANDARD = "gnu++14";
				CLANG_CXX_LIBRARY = "libc++";
				CLANG_ENABLE_MODULES = YES;
				CLANG_ENABLE_OBJC_ARC = YES;
				CLANG_ENABLE_OBJC_WEAK = YES;
				CLANG_WARN_BLOCK_CAPTURE_AUTORELEASING = YES;
				CLANG_WARN_BOOL_CONVERSION = YES;
				CLANG_WARN_COMMA = YES;
				CLANG_WARN_CONSTANT_CONVERSION = YES;
				CLANG_WARN_DEPRECATED_OBJC_IMPLEMENTATIONS = YES;
				CLANG_WARN_DIRECT_OBJC_ISA_USAGE = YES_ERROR;
				CLANG_WARN_DOCUMENTATION_COMMENTS = YES;
				CLANG_WARN_EMPTY_BODY = YES;
				CLANG_WARN_ENUM_CONVERSION = YES;
				CLANG_WARN_INFINITE_RECURSION = YES;
				CLANG_WARN_INT_CONVERSION = YES;
				CLANG_WARN_NON_LITERAL_NULL_CONVERSION = YES;
				CLANG_WARN_OBJC_IMPLICIT_RETAIN_SELF = YES;
				CLANG_WARN_OBJC_LITERAL_CONVERSION = YES;
				CLANG_WARN_OBJC_ROOT_CLASS = YES_ERROR;
				CLANG_WARN_RANGE_LOOP_ANALYSIS = YES;
				CLANG_WARN_STRICT_PROTOTYPES = YES;
				CLANG_WARN_SUSPICIOUS_MOVE = YES;
				CLANG_WARN_UNGUARDED_AVAILABILITY = YES_AGGRESSIVE;
				CLANG_WARN_UNREACHABLE_CODE = YES;
				CLANG_WARN__DUPLICATE_METHOD_MATCH = YES;
				COPY_PHASE_STRIP = NO;
				DEBUG_INFORMATION_FORMAT = "dwarf-with-dsym";
				ENABLE_NS_ASSERTIONS = NO;
				ENABLE_STRICT_OBJC_MSGSEND = YES;
				GCC_C_LANGUAGE_STANDARD = gnu11;
				GCC_NO_COMMON_BLOCKS = YES;
				GCC_WARN_64_TO_32_BIT_CONVERSION = YES;
				GCC_WARN_ABOUT_RETURN_TYPE = YES_ERROR;
				GCC_WARN_UNDECLARED_SELECTOR = YES;
				GCC_WARN_UNINITIALIZED_AUTOS = YES_AGGRESSIVE;
				GCC_WARN_UNUSED_FUNCTION = YES;
				GCC_WARN_UNUSED_VARIABLE = YES;
				IPHONEOS_DEPLOYMENT_TARGET = 13.1;
				MTL_ENABLE_DEBUG_INFO = NO;
				MTL_FAST_MATH = YES;
				SDKROOT = iphoneos;
				SWIFT_COMPILATION_MODE = wholemodule;
				SWIFT_OPTIMIZATION_LEVEL = "-O";
				VALIDATE_PRODUCT = YES;
			};
			name = Release;
		};
		FAE4D53C236290D7005F1721 /* Debug */ = {
			isa = XCBuildConfiguration;
			buildSettings = {
				ASSETCATALOG_COMPILER_APPICON_NAME = AppIcon;
				CODE_SIGN_STYLE = Automatic;
				DEVELOPMENT_ASSET_PATHS = "\"Animations/Preview Content\"";
				DEVELOPMENT_TEAM = 486CCPNU3B;
				ENABLE_PREVIEWS = YES;
				INFOPLIST_FILE = Animations/Info.plist;
				LD_RUNPATH_SEARCH_PATHS = (
					"$(inherited)",
					"@executable_path/Frameworks",
				);
				PRODUCT_BUNDLE_IDENTIFIER = me.vazquez.angel.Animations;
				PRODUCT_NAME = "$(TARGET_NAME)";
				SWIFT_VERSION = 5.0;
				TARGETED_DEVICE_FAMILY = "1,2";
			};
			name = Debug;
		};
		FAE4D53D236290D7005F1721 /* Release */ = {
			isa = XCBuildConfiguration;
			buildSettings = {
				ASSETCATALOG_COMPILER_APPICON_NAME = AppIcon;
				CODE_SIGN_STYLE = Automatic;
				DEVELOPMENT_ASSET_PATHS = "\"Animations/Preview Content\"";
				DEVELOPMENT_TEAM = 486CCPNU3B;
				ENABLE_PREVIEWS = YES;
				INFOPLIST_FILE = Animations/Info.plist;
				LD_RUNPATH_SEARCH_PATHS = (
					"$(inherited)",
					"@executable_path/Frameworks",
				);
				PRODUCT_BUNDLE_IDENTIFIER = me.vazquez.angel.Animations;
				PRODUCT_NAME = "$(TARGET_NAME)";
				SWIFT_VERSION = 5.0;
				TARGETED_DEVICE_FAMILY = "1,2";
			};
			name = Release;
		};
/* End XCBuildConfiguration section */

/* Begin XCConfigurationList section */
		FAE4D522236290D6005F1721 /* Build configuration list for PBXProject "Animations" */ = {
			isa = XCConfigurationList;
			buildConfigurations = (
				FAE4D539236290D7005F1721 /* Debug */,
				FAE4D53A236290D7005F1721 /* Release */,
			);
			defaultConfigurationIsVisible = 0;
			defaultConfigurationName = Release;
		};
		FAE4D53B236290D7005F1721 /* Build configuration list for PBXNativeTarget "Animations" */ = {
			isa = XCConfigurationList;
			buildConfigurations = (
				FAE4D53C236290D7005F1721 /* Debug */,
				FAE4D53D236290D7005F1721 /* Release */,
			);
			defaultConfigurationIsVisible = 0;
			defaultConfigurationName = Release;
		};
/* End XCConfigurationList section */
	};
	rootObject = FAE4D51F236290D6005F1721 /* Project object */;
}
