// !$*UTF8*$!
{
	archiveVersion = 1;
	classes = {
	};
	objectVersion = 50;
	objects = {

/* Begin PBXBuildFile section */
		FA82D9A3235961BC009BA386 /* AppDelegate.swift in Sources */ = {isa = PBXBuildFile; fileRef = FA82D9A2235961BC009BA386 /* AppDelegate.swift */; };
		FA82D9A5235961BC009BA386 /* SceneDelegate.swift in Sources */ = {isa = PBXBuildFile; fileRef = FA82D9A4235961BC009BA386 /* SceneDelegate.swift */; };
		FA82D9A7235961BC009BA386 /* ContentView.swift in Sources */ = {isa = PBXBuildFile; fileRef = FA82D9A6235961BC009BA386 /* ContentView.swift */; };
		FA82D9A9235961BD009BA386 /* Assets.xcassets in Resources */ = {isa = PBXBuildFile; fileRef = FA82D9A8235961BD009BA386 /* Assets.xcassets */; };
		FA82D9AC235961BD009BA386 /* Preview Assets.xcassets in Resources */ = {isa = PBXBuildFile; fileRef = FA82D9AB235961BD009BA386 /* Preview Assets.xcassets */; };
		FA82D9AF235961BD009BA386 /* LaunchScreen.storyboard in Resources */ = {isa = PBXBuildFile; fileRef = FA82D9AD235961BD009BA386 /* LaunchScreen.storyboard */; };
/* End PBXBuildFile section */

/* Begin PBXFileReference section */
		FA82D99F235961BC009BA386 /* Brain RPS.app */ = {isa = PBXFileReference; explicitFileType = wrapper.application; includeInIndex = 0; path = "Brain RPS.app"; sourceTree = BUILT_PRODUCTS_DIR; };
		FA82D9A2235961BC009BA386 /* AppDelegate.swift */ = {isa = PBXFileReference; lastKnownFileType = sourcecode.swift; path = AppDelegate.swift; sourceTree = "<group>"; };
		FA82D9A4235961BC009BA386 /* SceneDelegate.swift */ = {isa = PBXFileReference; lastKnownFileType = sourcecode.swift; path = SceneDelegate.swift; sourceTree = "<group>"; };
		FA82D9A6235961BC009BA386 /* ContentView.swift */ = {isa = PBXFileReference; lastKnownFileType = sourcecode.swift; path = ContentView.swift; sourceTree = "<group>"; };
		FA82D9A8235961BD009BA386 /* Assets.xcassets */ = {isa = PBXFileReference; lastKnownFileType = folder.assetcatalog; path = Assets.xcassets; sourceTree = "<group>"; };
		FA82D9AB235961BD009BA386 /* Preview Assets.xcassets */ = {isa = PBXFileReference; lastKnownFileType = folder.assetcatalog; path = "Preview Assets.xcassets"; sourceTree = "<group>"; };
		FA82D9AE235961BD009BA386 /* Base */ = {isa = PBXFileReference; lastKnownFileType = file.storyboard; name = Base; path = Base.lproj/LaunchScreen.storyboard; sourceTree = "<group>"; };
		FA82D9B0235961BD009BA386 /* Info.plist */ = {isa = PBXFileReference; lastKnownFileType = text.plist.xml; path = Info.plist; sourceTree = "<group>"; };
/* End PBXFileReference section */

/* Begin PBXFrameworksBuildPhase section */
		FA82D99C235961BC009BA386 /* Frameworks */ = {
			isa = PBXFrameworksBuildPhase;
			buildActionMask = 2147483647;
			files = (
			);
			runOnlyForDeploymentPostprocessing = 0;
		};
/* End PBXFrameworksBuildPhase section */

/* Begin PBXGroup section */
		FA82D996235961BC009BA386 = {
			isa = PBXGroup;
			children = (
				FA82D9A1235961BC009BA386 /* Brain RPS */,
				FA82D9A0235961BC009BA386 /* Products */,
			);
			sourceTree = "<group>";
		};
		FA82D9A0235961BC009BA386 /* Products */ = {
			isa = PBXGroup;
			children = (
				FA82D99F235961BC009BA386 /* Brain RPS.app */,
			);
			name = Products;
			sourceTree = "<group>";
		};
		FA82D9A1235961BC009BA386 /* Brain RPS */ = {
			isa = PBXGroup;
			children = (
				FA82D9A2235961BC009BA386 /* AppDelegate.swift */,
				FA82D9A4235961BC009BA386 /* SceneDelegate.swift */,
				FA82D9A6235961BC009BA386 /* ContentView.swift */,
				FA82D9A8235961BD009BA386 /* Assets.xcassets */,
				FA82D9AD235961BD009BA386 /* LaunchScreen.storyboard */,
				FA82D9B0235961BD009BA386 /* Info.plist */,
				FA82D9AA235961BD009BA386 /* Preview Content */,
			);
			path = "Brain RPS";
			sourceTree = "<group>";
		};
		FA82D9AA235961BD009BA386 /* Preview Content */ = {
			isa = PBXGroup;
			children = (
				FA82D9AB235961BD009BA386 /* Preview Assets.xcassets */,
			);
			path = "Preview Content";
			sourceTree = "<group>";
		};
/* End PBXGroup section */

/* Begin PBXNativeTarget section */
		FA82D99E235961BC009BA386 /* Brain RPS */ = {
			isa = PBXNativeTarget;
			buildConfigurationList = FA82D9B3235961BD009BA386 /* Build configuration list for PBXNativeTarget "Brain RPS" */;
			buildPhases = (
				FA82D99B235961BC009BA386 /* Sources */,
				FA82D99C235961BC009BA386 /* Frameworks */,
				FA82D99D235961BC009BA386 /* Resources */,
			);
			buildRules = (
			);
			dependencies = (
			);
			name = "Brain RPS";
			productName = "Brain RPS";
			productReference = FA82D99F235961BC009BA386 /* Brain RPS.app */;
			productType = "com.apple.product-type.application";
		};
/* End PBXNativeTarget section */

/* Begin PBXProject section */
		FA82D997235961BC009BA386 /* Project object */ = {
			isa = PBXProject;
			attributes = {
				LastSwiftUpdateCheck = 1110;
				LastUpgradeCheck = 1110;
				ORGANIZATIONNAME = "Ángel Vázquez";
				TargetAttributes = {
					FA82D99E235961BC009BA386 = {
						CreatedOnToolsVersion = 11.1;
					};
				};
			};
			buildConfigurationList = FA82D99A235961BC009BA386 /* Build configuration list for PBXProject "Brain RPS" */;
			compatibilityVersion = "Xcode 9.3";
			developmentRegion = en;
			hasScannedForEncodings = 0;
			knownRegions = (
				en,
				Base,
			);
			mainGroup = FA82D996235961BC009BA386;
			productRefGroup = FA82D9A0235961BC009BA386 /* Products */;
			projectDirPath = "";
			projectRoot = "";
			targets = (
				FA82D99E235961BC009BA386 /* Brain RPS */,
			);
		};
/* End PBXProject section */

/* Begin PBXResourcesBuildPhase section */
		FA82D99D235961BC009BA386 /* Resources */ = {
			isa = PBXResourcesBuildPhase;
			buildActionMask = 2147483647;
			files = (
				FA82D9AF235961BD009BA386 /* LaunchScreen.storyboard in Resources */,
				FA82D9AC235961BD009BA386 /* Preview Assets.xcassets in Resources */,
				FA82D9A9235961BD009BA386 /* Assets.xcassets in Resources */,
			);
			runOnlyForDeploymentPostprocessing = 0;
		};
/* End PBXResourcesBuildPhase section */

/* Begin PBXSourcesBuildPhase section */
		FA82D99B235961BC009BA386 /* Sources */ = {
			isa = PBXSourcesBuildPhase;
			buildActionMask = 2147483647;
			files = (
				FA82D9A3235961BC009BA386 /* AppDelegate.swift in Sources */,
				FA82D9A5235961BC009BA386 /* SceneDelegate.swift in Sources */,
				FA82D9A7235961BC009BA386 /* ContentView.swift in Sources */,
			);
			runOnlyForDeploymentPostprocessing = 0;
		};
/* End PBXSourcesBuildPhase section */

/* Begin PBXVariantGroup section */
		FA82D9AD235961BD009BA386 /* LaunchScreen.storyboard */ = {
			isa = PBXVariantGroup;
			children = (
				FA82D9AE235961BD009BA386 /* Base */,
			);
			name = LaunchScreen.storyboard;
			sourceTree = "<group>";
		};
/* End PBXVariantGroup section */

/* Begin XCBuildConfiguration section */
		FA82D9B1235961BD009BA386 /* Debug */ = {
			isa = XCBuildConfiguration;
			buildSettings = {
				ALWAYS_SEARCH_USER_PATHS = NO;
				CLANG_ANALYZER_NONNULL = YES;
				CLANG_ANALYZER_NUMBER_OBJECT_CONVERSION = YES_AGGRESSIVE;
				CLANG_CXX_LANGUAGE_STANDARD = "gnu++14";
				CLANG_CXX_LIBRARY = "libc++";
				CLANG_ENABLE_MODULES = YES;
				CLANG_ENABLE_OBJC_ARC = YES;
				CLANG_ENABLE_OBJC_WEAK = YES;
				CLANG_WARN_BLOCK_CAPTURE_AUTORELEASING = YES;
				CLANG_WARN_BOOL_CONVERSION = YES;
				CLANG_WARN_COMMA = YES;
				CLANG_WARN_CONSTANT_CONVERSION = YES;
				CLANG_WARN_DEPRECATED_OBJC_IMPLEMENTATIONS = YES;
				CLANG_WARN_DIRECT_OBJC_ISA_USAGE = YES_ERROR;
				CLANG_WARN_DOCUMENTATION_COMMENTS = YES;
				CLANG_WARN_EMPTY_BODY = YES;
				CLANG_WARN_ENUM_CONVERSION = YES;
				CLANG_WARN_INFINITE_RECURSION = YES;
				CLANG_WARN_INT_CONVERSION = YES;
				CLANG_WARN_NON_LITERAL_NULL_CONVERSION = YES;
				CLANG_WARN_OBJC_IMPLICIT_RETAIN_SELF = YES;
				CLANG_WARN_OBJC_LITERAL_CONVERSION = YES;
				CLANG_WARN_OBJC_ROOT_CLASS = YES_ERROR;
				CLANG_WARN_RANGE_LOOP_ANALYSIS = YES;
				CLANG_WARN_STRICT_PROTOTYPES = YES;
				CLANG_WARN_SUSPICIOUS_MOVE = YES;
				CLANG_WARN_UNGUARDED_AVAILABILITY = YES_AGGRESSIVE;
				CLANG_WARN_UNREACHABLE_CODE = YES;
				CLANG_WARN__DUPLICATE_METHOD_MATCH = YES;
				COPY_PHASE_STRIP = NO;
				DEBUG_INFORMATION_FORMAT = dwarf;
				ENABLE_STRICT_OBJC_MSGSEND = YES;
				ENABLE_TESTABILITY = YES;
				GCC_C_LANGUAGE_STANDARD = gnu11;
				GCC_DYNAMIC_NO_PIC = NO;
				GCC_NO_COMMON_BLOCKS = YES;
				GCC_OPTIMIZATION_LEVEL = 0;
				GCC_PREPROCESSOR_DEFINITIONS = (
					"DEBUG=1",
					"$(inherited)",
				);
				GCC_WARN_64_TO_32_BIT_CONVERSION = YES;
				GCC_WARN_ABOUT_RETURN_TYPE = YES_ERROR;
				GCC_WARN_UNDECLARED_SELECTOR = YES;
				GCC_WARN_UNINITIALIZED_AUTOS = YES_AGGRESSIVE;
				GCC_WARN_UNUSED_FUNCTION = YES;
				GCC_WARN_UNUSED_VARIABLE = YES;
				IPHONEOS_DEPLOYMENT_TARGET = 13.1;
				MTL_ENABLE_DEBUG_INFO = INCLUDE_SOURCE;
				MTL_FAST_MATH = YES;
				ONLY_ACTIVE_ARCH = YES;
				SDKROOT = iphoneos;
				SWIFT_ACTIVE_COMPILATION_CONDITIONS = DEBUG;
				SWIFT_OPTIMIZATION_LEVEL = "-Onone";
			};
			name = Debug;
		};
		FA82D9B2235961BD009BA386 /* Release */ = {
			isa = XCBuildConfiguration;
			buildSettings = {
				ALWAYS_SEARCH_USER_PATHS = NO;
				CLANG_ANALYZER_NONNULL = YES;
				CLANG_ANALYZER_NUMBER_OBJECT_CONVERSION = YES_AGGRESSIVE;
				CLANG_CXX_LANGUAGE_STANDARD = "gnu++14";
				CLANG_CXX_LIBRARY = "libc++";
				CLANG_ENABLE_MODULES = YES;
				CLANG_ENABLE_OBJC_ARC = YES;
				CLANG_ENABLE_OBJC_WEAK = YES;
				CLANG_WARN_BLOCK_CAPTURE_AUTORELEASING = YES;
				CLANG_WARN_BOOL_CONVERSION = YES;
				CLANG_WARN_COMMA = YES;
				CLANG_WARN_CONSTANT_CONVERSION = YES;
				CLANG_WARN_DEPRECATED_OBJC_IMPLEMENTATIONS = YES;
				CLANG_WARN_DIRECT_OBJC_ISA_USAGE = YES_ERROR;
				CLANG_WARN_DOCUMENTATION_COMMENTS = YES;
				CLANG_WARN_EMPTY_BODY = YES;
				CLANG_WARN_ENUM_CONVERSION = YES;
				CLANG_WARN_INFINITE_RECURSION = YES;
				CLANG_WARN_INT_CONVERSION = YES;
				CLANG_WARN_NON_LITERAL_NULL_CONVERSION = YES;
				CLANG_WARN_OBJC_IMPLICIT_RETAIN_SELF = YES;
				CLANG_WARN_OBJC_LITERAL_CONVERSION = YES;
				CLANG_WARN_OBJC_ROOT_CLASS = YES_ERROR;
				CLANG_WARN_RANGE_LOOP_ANALYSIS = YES;
				CLANG_WARN_STRICT_PROTOTYPES = YES;
				CLANG_WARN_SUSPICIOUS_MOVE = YES;
				CLANG_WARN_UNGUARDED_AVAILABILITY = YES_AGGRESSIVE;
				CLANG_WARN_UNREACHABLE_CODE = YES;
				CLANG_WARN__DUPLICATE_METHOD_MATCH = YES;
				COPY_PHASE_STRIP = NO;
				DEBUG_INFORMATION_FORMAT = "dwarf-with-dsym";
				ENABLE_NS_ASSERTIONS = NO;
				ENABLE_STRICT_OBJC_MSGSEND = YES;
				GCC_C_LANGUAGE_STANDARD = gnu11;
				GCC_NO_COMMON_BLOCKS = YES;
				GCC_WARN_64_TO_32_BIT_CONVERSION = YES;
				GCC_WARN_ABOUT_RETURN_TYPE = YES_ERROR;
				GCC_WARN_UNDECLARED_SELECTOR = YES;
				GCC_WARN_UNINITIALIZED_AUTOS = YES_AGGRESSIVE;
				GCC_WARN_UNUSED_FUNCTION = YES;
				GCC_WARN_UNUSED_VARIABLE = YES;
				IPHONEOS_DEPLOYMENT_TARGET = 13.1;
				MTL_ENABLE_DEBUG_INFO = NO;
				MTL_FAST_MATH = YES;
				SDKROOT = iphoneos;
				SWIFT_COMPILATION_MODE = wholemodule;
				SWIFT_OPTIMIZATION_LEVEL = "-O";
				VALIDATE_PRODUCT = YES;
			};
			name = Release;
		};
		FA82D9B4235961BD009BA386 /* Debug */ = {
			isa = XCBuildConfiguration;
			buildSettings = {
				ASSETCATALOG_COMPILER_APPICON_NAME = AppIcon;
				CODE_SIGN_STYLE = Automatic;
				DEVELOPMENT_ASSET_PATHS = "\"Brain RPS/Preview Content\"";
				DEVELOPMENT_TEAM = 486CCPNU3B;
				ENABLE_PREVIEWS = YES;
				INFOPLIST_FILE = "Brain RPS/Info.plist";
				LD_RUNPATH_SEARCH_PATHS = (
					"$(inherited)",
					"@executable_path/Frameworks",
				);
				PRODUCT_BUNDLE_IDENTIFIER = "me.vazquez.angel.Brain-RPS";
				PRODUCT_NAME = "$(TARGET_NAME)";
				SWIFT_VERSION = 5.0;
				TARGETED_DEVICE_FAMILY = "1,2";
			};
			name = Debug;
		};
		FA82D9B5235961BD009BA386 /* Release */ = {
			isa = XCBuildConfiguration;
			buildSettings = {
				ASSETCATALOG_COMPILER_APPICON_NAME = AppIcon;
				CODE_SIGN_STYLE = Automatic;
				DEVELOPMENT_ASSET_PATHS = "\"Brain RPS/Preview Content\"";
				DEVELOPMENT_TEAM = 486CCPNU3B;
				ENABLE_PREVIEWS = YES;
				INFOPLIST_FILE = "Brain RPS/Info.plist";
				LD_RUNPATH_SEARCH_PATHS = (
					"$(inherited)",
					"@executable_path/Frameworks",
				);
				PRODUCT_BUNDLE_IDENTIFIER = "me.vazquez.angel.Brain-RPS";
				PRODUCT_NAME = "$(TARGET_NAME)";
				SWIFT_VERSION = 5.0;
				TARGETED_DEVICE_FAMILY = "1,2";
			};
			name = Release;
		};
/* End XCBuildConfiguration section */

/* Begin XCConfigurationList section */
		FA82D99A235961BC009BA386 /* Build configuration list for PBXProject "Brain RPS" */ = {
			isa = XCConfigurationList;
			buildConfigurations = (
				FA82D9B1235961BD009BA386 /* Debug */,
				FA82D9B2235961BD009BA386 /* Release */,
			);
			defaultConfigurationIsVisible = 0;
			defaultConfigurationName = Release;
		};
		FA82D9B3235961BD009BA386 /* Build configuration list for PBXNativeTarget "Brain RPS" */ = {
			isa = XCConfigurationList;
			buildConfigurations = (
				FA82D9B4235961BD009BA386 /* Debug */,
				FA82D9B5235961BD009BA386 /* Release */,
			);
			defaultConfigurationIsVisible = 0;
			defaultConfigurationName = Release;
		};
/* End XCConfigurationList section */
	};
	rootObject = FA82D997235961BC009BA386 /* Project object */;
}
